// !$*UTF8*$!
{
	archiveVersion = 1;
	classes = {
	};
	objectVersion = 51;
	objects = {

/* Begin PBXBuildFile section */
		7A101F064E0E963967CADD55 /* Pods_ExecutorApp.framework in Frameworks */ = {isa = PBXBuildFile; fileRef = 2ECB964E3A37964226235895 /* Pods_ExecutorApp.framework */; };
		DA02F8902487DDBB0087E274 /* ExecutorsSortingView.swift in Sources */ = {isa = PBXBuildFile; fileRef = DA02F88F2487DDBB0087E274 /* ExecutorsSortingView.swift */; };
		DA02F8922487DE950087E274 /* SortingCollectionViewCell.swift in Sources */ = {isa = PBXBuildFile; fileRef = DA02F8912487DE950087E274 /* SortingCollectionViewCell.swift */; };
		DA02F89C248927DB0087E274 /* PayViewController.swift in Sources */ = {isa = PBXBuildFile; fileRef = DA02F89B248927DB0087E274 /* PayViewController.swift */; };
		DA57E1E524914AE400248AD9 /* OrderPreform.swift in Sources */ = {isa = PBXBuildFile; fileRef = DA57E1E424914AE400248AD9 /* OrderPreform.swift */; };
		DA57E1E8249656A100248AD9 /* EmailChangeService.swift in Sources */ = {isa = PBXBuildFile; fileRef = DA57E1E7249656A000248AD9 /* EmailChangeService.swift */; };
		DA57E1EC24979C8A00248AD9 /* Executor sorting.swift in Sources */ = {isa = PBXBuildFile; fileRef = DA57E1EB24979C8A00248AD9 /* Executor sorting.swift */; };
		DA6716B12450C796001791E3 /* OrderStatusView.swift in Sources */ = {isa = PBXBuildFile; fileRef = DA6716B02450C795001791E3 /* OrderStatusView.swift */; };
		DA6716B32452B494001791E3 /* OrderDetailsTableView.swift in Sources */ = {isa = PBXBuildFile; fileRef = DA6716B22452B494001791E3 /* OrderDetailsTableView.swift */; };
		DA6716B52452B4D4001791E3 /* OrderDetailTableViewCell.swift in Sources */ = {isa = PBXBuildFile; fileRef = DA6716B42452B4D4001791E3 /* OrderDetailTableViewCell.swift */; };
		DA6716BC24531A31001791E3 /* Strings.swift in Sources */ = {isa = PBXBuildFile; fileRef = DA6716BB24531A31001791E3 /* Strings.swift */; };
		DA6716BE245322E2001791E3 /* e_UIButton.swift in Sources */ = {isa = PBXBuildFile; fileRef = DA6716BD245322E2001791E3 /* e_UIButton.swift */; };
		DA6716C224532F63001791E3 /* CameraViewController.swift in Sources */ = {isa = PBXBuildFile; fileRef = DA6716C124532F63001791E3 /* CameraViewController.swift */; };
		DA6716C42454167D001791E3 /* ReadyToTransferView.swift in Sources */ = {isa = PBXBuildFile; fileRef = DA6716C32454167D001791E3 /* ReadyToTransferView.swift */; };
		DA6716C624541868001791E3 /* SumView.swift in Sources */ = {isa = PBXBuildFile; fileRef = DA6716C524541868001791E3 /* SumView.swift */; };
		DA6716C824541A8D001791E3 /* ReadyToTransferTableViewCell.swift in Sources */ = {isa = PBXBuildFile; fileRef = DA6716C724541A8D001791E3 /* ReadyToTransferTableViewCell.swift */; };
		DA6716CA24541D2B001791E3 /* FinancesInfo.swift in Sources */ = {isa = PBXBuildFile; fileRef = DA6716C924541D2B001791E3 /* FinancesInfo.swift */; };
		DA6716CC24541E75001791E3 /* ReadyToTransferTableView.swift in Sources */ = {isa = PBXBuildFile; fileRef = DA6716CB24541E75001791E3 /* ReadyToTransferTableView.swift */; };
		DA6716CF245457CA001791E3 /* UnexecutedOrdersSumView.swift in Sources */ = {isa = PBXBuildFile; fileRef = DA6716CE245457CA001791E3 /* UnexecutedOrdersSumView.swift */; };
		DA6716D124545A7E001791E3 /* FinancesCoordinator.swift in Sources */ = {isa = PBXBuildFile; fileRef = DA6716D024545A7E001791E3 /* FinancesCoordinator.swift */; };
		DA6716D82454783A001791E3 /* SelfSizingTableView.swift in Sources */ = {isa = PBXBuildFile; fileRef = DA6716D72454783A001791E3 /* SelfSizingTableView.swift */; };
		DA6716DA2454C812001791E3 /* SimpleInfoViewController.swift in Sources */ = {isa = PBXBuildFile; fileRef = DA6716D92454C812001791E3 /* SimpleInfoViewController.swift */; };
		DA8721B124AA227D00547425 /* e_UILabel.swift in Sources */ = {isa = PBXBuildFile; fileRef = DA8721B024AA227D00547425 /* e_UILabel.swift */; };
		DA8721B324AA236D00547425 /* AcceptWarningView.swift in Sources */ = {isa = PBXBuildFile; fileRef = DA8721B224AA236D00547425 /* AcceptWarningView.swift */; };
		DA941DEB246FC3FA006485B3 /* AppNavController.swift in Sources */ = {isa = PBXBuildFile; fileRef = DA941DEA246FC3FA006485B3 /* AppNavController.swift */; };
		DA941DED247000D1006485B3 /* UserButton.swift in Sources */ = {isa = PBXBuildFile; fileRef = DA941DEC247000D1006485B3 /* UserButton.swift */; };
		DAACA06A247421CF00651E24 /* StartCoordinator.swift in Sources */ = {isa = PBXBuildFile; fileRef = DAACA069247421CE00651E24 /* StartCoordinator.swift */; };
		DAACA06E2476600D00651E24 /* RegistrationViewController.swift in Sources */ = {isa = PBXBuildFile; fileRef = DAACA06D2476600C00651E24 /* RegistrationViewController.swift */; };
		DAACA07024769E8100651E24 /* ForgotPassEmailViewController.swift in Sources */ = {isa = PBXBuildFile; fileRef = DAACA06F24769E8100651E24 /* ForgotPassEmailViewController.swift */; };
		DAACA0722476A25700651E24 /* ResetPassViewController.swift in Sources */ = {isa = PBXBuildFile; fileRef = DAACA0712476A25700651E24 /* ResetPassViewController.swift */; };
		DAACA0782476DF2B00651E24 /* InputFormViewController.swift in Sources */ = {isa = PBXBuildFile; fileRef = DAACA0772476DF2B00651E24 /* InputFormViewController.swift */; };
		DAACA07A2477FD2C00651E24 /* InputFormView.swift in Sources */ = {isa = PBXBuildFile; fileRef = DAACA0792477FD2C00651E24 /* InputFormView.swift */; };
		DAACA07C2477FE8800651E24 /* FormTextField.swift in Sources */ = {isa = PBXBuildFile; fileRef = DAACA07B2477FE8800651E24 /* FormTextField.swift */; };
		DAACA07E247813B300651E24 /* ForgotPassCoordinator.swift in Sources */ = {isa = PBXBuildFile; fileRef = DAACA07D247813B300651E24 /* ForgotPassCoordinator.swift */; };
		DAACA080247813C100651E24 /* RegistrationCoordinator.swift in Sources */ = {isa = PBXBuildFile; fileRef = DAACA07F247813C100651E24 /* RegistrationCoordinator.swift */; };
		DAACA08424781AA300651E24 /* p_FormDelegate.swift in Sources */ = {isa = PBXBuildFile; fileRef = DAACA08324781AA300651E24 /* p_FormDelegate.swift */; };
		DAACA08B24783A2E00651E24 /* ForgotPassApiService.swift in Sources */ = {isa = PBXBuildFile; fileRef = DAACA08A24783A2E00651E24 /* ForgotPassApiService.swift */; };
		DAACA08D247841AF00651E24 /* RegistrationApiService.swift in Sources */ = {isa = PBXBuildFile; fileRef = DAACA08C247841AF00651E24 /* RegistrationApiService.swift */; };
		DAACA095247845CD00651E24 /* CustomerTabBarController.swift in Sources */ = {isa = PBXBuildFile; fileRef = DAACA094247845CD00651E24 /* CustomerTabBarController.swift */; };
		DAACA0972478460700651E24 /* ExecutorsTabCoordinator.swift in Sources */ = {isa = PBXBuildFile; fileRef = DAACA0962478460700651E24 /* ExecutorsTabCoordinator.swift */; };
		DAACA09B2478474000651E24 /* CustomerOrdersCoordinator.swift in Sources */ = {isa = PBXBuildFile; fileRef = DAACA09A2478474000651E24 /* CustomerOrdersCoordinator.swift */; };
		DAACA09D2478476200651E24 /* CustomerSettingsCoordinator.swift in Sources */ = {isa = PBXBuildFile; fileRef = DAACA09C2478476200651E24 /* CustomerSettingsCoordinator.swift */; };
		DAACA0A5247847D400651E24 /* ExecutorsApiService.swift in Sources */ = {isa = PBXBuildFile; fileRef = DAACA0A4247847D400651E24 /* ExecutorsApiService.swift */; };
		DAACA0A72478491F00651E24 /* ExecutorsListViewController.swift in Sources */ = {isa = PBXBuildFile; fileRef = DAACA0A62478491F00651E24 /* ExecutorsListViewController.swift */; };
		DAACA0A9247904E700651E24 /* AppTabBarController.swift in Sources */ = {isa = PBXBuildFile; fileRef = DAACA0A8247904E700651E24 /* AppTabBarController.swift */; };
		DAACA0AB2479078E00651E24 /* ExecutorDetailsViewController.swift in Sources */ = {isa = PBXBuildFile; fileRef = DAACA0AA2479078E00651E24 /* ExecutorDetailsViewController.swift */; };
		DAACA0AD2479236A00651E24 /* Executor.swift in Sources */ = {isa = PBXBuildFile; fileRef = DAACA0AC2479236A00651E24 /* Executor.swift */; };
		DAACA0AF247923B400651E24 /* ExecutorDetails.swift in Sources */ = {isa = PBXBuildFile; fileRef = DAACA0AE247923B400651E24 /* ExecutorDetails.swift */; };
		DAACA0B12479266E00651E24 /* ExecutorTableViewCell.swift in Sources */ = {isa = PBXBuildFile; fileRef = DAACA0B02479266E00651E24 /* ExecutorTableViewCell.swift */; };
		DAACA0B324793E1F00651E24 /* AppSearchBar.swift in Sources */ = {isa = PBXBuildFile; fileRef = DAACA0B224793E1F00651E24 /* AppSearchBar.swift */; };
		DAACA0B5247A56A400651E24 /* CustomerSettingsViewController.swift in Sources */ = {isa = PBXBuildFile; fileRef = DAACA0B4247A56A400651E24 /* CustomerSettingsViewController.swift */; };
		DAACA0B7247A56B800651E24 /* CustomerSettingsApiService.swift in Sources */ = {isa = PBXBuildFile; fileRef = DAACA0B6247A56B800651E24 /* CustomerSettingsApiService.swift */; };
		DAACA0B9247A61D800651E24 /* CustomerImageButton.swift in Sources */ = {isa = PBXBuildFile; fileRef = DAACA0B8247A61D800651E24 /* CustomerImageButton.swift */; };
		DAACA0BB247A6F1600651E24 /* CustomerUserInfo.swift in Sources */ = {isa = PBXBuildFile; fileRef = DAACA0BA247A6F1600651E24 /* CustomerUserInfo.swift */; };
		DAACA0BD247BF10E00651E24 /* e_UIImageView.swift in Sources */ = {isa = PBXBuildFile; fileRef = DAACA0BC247BF10E00651E24 /* e_UIImageView.swift */; };
		DAACA0BF247C243600651E24 /* CustomerOrdersViewController.swift in Sources */ = {isa = PBXBuildFile; fileRef = DAACA0BE247C243600651E24 /* CustomerOrdersViewController.swift */; };
		DAACA0C1247C253700651E24 /* CustomerOrdersApiService.swift in Sources */ = {isa = PBXBuildFile; fileRef = DAACA0C0247C253700651E24 /* CustomerOrdersApiService.swift */; };
		DAACA0C3247C25EF00651E24 /* CustomerOrderDetailsViewController.swift in Sources */ = {isa = PBXBuildFile; fileRef = DAACA0C2247C25EF00651E24 /* CustomerOrderDetailsViewController.swift */; };
		DAACA0C5247D3B5C00651E24 /* VideoThumbnailView.swift in Sources */ = {isa = PBXBuildFile; fileRef = DAACA0C4247D3B5C00651E24 /* VideoThumbnailView.swift */; };
		DAACA0C7247D48B300651E24 /* PriceStatusView.swift in Sources */ = {isa = PBXBuildFile; fileRef = DAACA0C6247D48B300651E24 /* PriceStatusView.swift */; };
		DAACA0CB24813B4C00651E24 /* PermissionsService.swift in Sources */ = {isa = PBXBuildFile; fileRef = DAACA0CA24813B4C00651E24 /* PermissionsService.swift */; };
		DAACA0CD24816BA100651E24 /* SocialsCollectionView.swift in Sources */ = {isa = PBXBuildFile; fileRef = DAACA0CC24816BA100651E24 /* SocialsCollectionView.swift */; };
		DAACA0CF2482718400651E24 /* SocialMediaCollectionViewCell.swift in Sources */ = {isa = PBXBuildFile; fileRef = DAACA0CE2482718300651E24 /* SocialMediaCollectionViewCell.swift */; };
		DAACA0D124827AFF00651E24 /* ExecutorDetailsView.swift in Sources */ = {isa = PBXBuildFile; fileRef = DAACA0D024827AFF00651E24 /* ExecutorDetailsView.swift */; };
		DAACA0D3248283F800651E24 /* OrderFormView.swift in Sources */ = {isa = PBXBuildFile; fileRef = DAACA0D2248283F800651E24 /* OrderFormView.swift */; };
		DAACA0D52482843300651E24 /* OrderFormTableViewCell.swift in Sources */ = {isa = PBXBuildFile; fileRef = DAACA0D42482843300651E24 /* OrderFormTableViewCell.swift */; };
		DAACA0D7248289D900651E24 /* OrderScheme.swift in Sources */ = {isa = PBXBuildFile; fileRef = DAACA0D6248289D900651E24 /* OrderScheme.swift */; };
		DAACA0D924828ABC00651E24 /* OrderSchemeUnit.swift in Sources */ = {isa = PBXBuildFile; fileRef = DAACA0D824828ABC00651E24 /* OrderSchemeUnit.swift */; };
		DAACA0DB2485276E00651E24 /* OrderOptionTableViewCell.swift in Sources */ = {isa = PBXBuildFile; fileRef = DAACA0DA2485276E00651E24 /* OrderOptionTableViewCell.swift */; };
		DAACA0DD2485278100651E24 /* OrderOptionsViewController.swift in Sources */ = {isa = PBXBuildFile; fileRef = DAACA0DC2485278100651E24 /* OrderOptionsViewController.swift */; };
		DAB962FC2455B873002BBC3F /* SettingsCoordinator.swift in Sources */ = {isa = PBXBuildFile; fileRef = DAB962FB2455B873002BBC3F /* SettingsCoordinator.swift */; };
		DAB963042455BD1D002BBC3F /* UserInfo.swift in Sources */ = {isa = PBXBuildFile; fileRef = DAB963032455BD1D002BBC3F /* UserInfo.swift */; };
		DAB963062455BDB2002BBC3F /* SocialMedia.swift in Sources */ = {isa = PBXBuildFile; fileRef = DAB963052455BDB2002BBC3F /* SocialMedia.swift */; };
		DAB963082455C244002BBC3F /* OrderSettings.swift in Sources */ = {isa = PBXBuildFile; fileRef = DAB963072455C244002BBC3F /* OrderSettings.swift */; };
		DAB9630A2455C9E3002BBC3F /* ProfileSettingsView.swift in Sources */ = {isa = PBXBuildFile; fileRef = DAB963092455C9E3002BBC3F /* ProfileSettingsView.swift */; };
		DAB9630E2455CAA1002BBC3F /* SocialMediaTableView.swift in Sources */ = {isa = PBXBuildFile; fileRef = DAB9630D2455CAA1002BBC3F /* SocialMediaTableView.swift */; };
		DAB963102455CB40002BBC3F /* SocialMediaTableViewCell.swift in Sources */ = {isa = PBXBuildFile; fileRef = DAB9630F2455CB40002BBC3F /* SocialMediaTableViewCell.swift */; };
		DAB963122456D18E002BBC3F /* PhotoPickerViewController.swift in Sources */ = {isa = PBXBuildFile; fileRef = DAB963112456D18E002BBC3F /* PhotoPickerViewController.swift */; };
		DAB9631424570843002BBC3F /* ChangePasswordViewController.swift in Sources */ = {isa = PBXBuildFile; fileRef = DAB9631324570843002BBC3F /* ChangePasswordViewController.swift */; };
		DAB9631824570E73002BBC3F /* SizeConstants.swift in Sources */ = {isa = PBXBuildFile; fileRef = DAB9631724570E73002BBC3F /* SizeConstants.swift */; };
		DAB9631A245715DC002BBC3F /* LabelTextFieldView.swift in Sources */ = {isa = PBXBuildFile; fileRef = DAB96319245715DC002BBC3F /* LabelTextFieldView.swift */; };
		DAB9631C24582A50002BBC3F /* PassInfo.swift in Sources */ = {isa = PBXBuildFile; fileRef = DAB9631B24582A50002BBC3F /* PassInfo.swift */; };
		DAB9632724584144002BBC3F /* OrderSettingsTableViewCell.swift in Sources */ = {isa = PBXBuildFile; fileRef = DAB9632624584144002BBC3F /* OrderSettingsTableViewCell.swift */; };
		DAB9632924584246002BBC3F /* AppSwitch.swift in Sources */ = {isa = PBXBuildFile; fileRef = DAB9632824584246002BBC3F /* AppSwitch.swift */; };
		DAB9632B24584CBD002BBC3F /* AppTextField.swift in Sources */ = {isa = PBXBuildFile; fileRef = DAB9632A24584CBD002BBC3F /* AppTextField.swift */; };
		DAB9632D24585B98002BBC3F /* OrderSettingsTableView.swift in Sources */ = {isa = PBXBuildFile; fileRef = DAB9632C24585B98002BBC3F /* OrderSettingsTableView.swift */; };
		DAB9632F24589E1D002BBC3F /* HashtagsView.swift in Sources */ = {isa = PBXBuildFile; fileRef = DAB9632E24589E1D002BBC3F /* HashtagsView.swift */; };
		DAB963352459B06C002BBC3F /* e_UIAlertController.swift in Sources */ = {isa = PBXBuildFile; fileRef = DAB963342459B06C002BBC3F /* e_UIAlertController.swift */; };
		DAB963372459BECA002BBC3F /* PopupErrorViewController.swift in Sources */ = {isa = PBXBuildFile; fileRef = DAB963362459BECA002BBC3F /* PopupErrorViewController.swift */; };
		DAB963402459FE2D002BBC3F /* InfoService.swift in Sources */ = {isa = PBXBuildFile; fileRef = DAB9633F2459FE2D002BBC3F /* InfoService.swift */; };
		DAB96344245B3825002BBC3F /* AppURL.swift in Sources */ = {isa = PBXBuildFile; fileRef = DAB96343245B3825002BBC3F /* AppURL.swift */; };
		DAB96348245B5852002BBC3F /* StartViewController.swift in Sources */ = {isa = PBXBuildFile; fileRef = DAB96347245B5852002BBC3F /* StartViewController.swift */; };
		DAB96359245C1D65002BBC3F /* ExecutorOrdersApiService.swift in Sources */ = {isa = PBXBuildFile; fileRef = DAB96358245C1D65002BBC3F /* ExecutorOrdersApiService.swift */; };
		DAB9635B245C1D93002BBC3F /* ExecutorOrderDetailsApiService.swift in Sources */ = {isa = PBXBuildFile; fileRef = DAB9635A245C1D93002BBC3F /* ExecutorOrderDetailsApiService.swift */; };
		DAB9635D245C9410002BBC3F /* e_UIImage.swift in Sources */ = {isa = PBXBuildFile; fileRef = DAB9635C245C9410002BBC3F /* e_UIImage.swift */; };
		DAB9635F245C9AE9002BBC3F /* SettingsApiServiceMain.swift in Sources */ = {isa = PBXBuildFile; fileRef = DAB9635E245C9AE9002BBC3F /* SettingsApiServiceMain.swift */; };
		DAB96361245EB9DE002BBC3F /* e_Converting.swift in Sources */ = {isa = PBXBuildFile; fileRef = DAB96360245EB9DD002BBC3F /* e_Converting.swift */; };
		DAB96365245F047E002BBC3F /* ImageCropperViewController.swift in Sources */ = {isa = PBXBuildFile; fileRef = DAB96364245F047E002BBC3F /* ImageCropperViewController.swift */; };
		DAB963692462DF45002BBC3F /* LoginCoordinator.swift in Sources */ = {isa = PBXBuildFile; fileRef = DAB963682462DF45002BBC3F /* LoginCoordinator.swift */; };
		DAB9636B2463061B002BBC3F /* p_VideoActionsDelegate.swift in Sources */ = {isa = PBXBuildFile; fileRef = DAB9636A2463061B002BBC3F /* p_VideoActionsDelegate.swift */; };
		DAB9636D246324E2002BBC3F /* OrderStatusButtonsView.swift in Sources */ = {isa = PBXBuildFile; fileRef = DAB9636C246324E1002BBC3F /* OrderStatusButtonsView.swift */; };
		DAB9636F24632721002BBC3F /* OrderStatusImageView.swift in Sources */ = {isa = PBXBuildFile; fileRef = DAB9636E24632720002BBC3F /* OrderStatusImageView.swift */; };
		DAB9637124632DF5002BBC3F /* VideoPickerViewController.swift in Sources */ = {isa = PBXBuildFile; fileRef = DAB9637024632DF4002BBC3F /* VideoPickerViewController.swift */; };
		DAB963732465AFAF002BBC3F /* p_SettingsDelegate.swift in Sources */ = {isa = PBXBuildFile; fileRef = DAB963722465AFAF002BBC3F /* p_SettingsDelegate.swift */; };
		DAB963752465B977002BBC3F /* e_URLSession.swift in Sources */ = {isa = PBXBuildFile; fileRef = DAB963742465B977002BBC3F /* e_URLSession.swift */; };
		DAB963772465C929002BBC3F /* e_URLRequest.swift in Sources */ = {isa = PBXBuildFile; fileRef = DAB963762465C929002BBC3F /* e_URLRequest.swift */; };
		DAB9637B2466EB83002BBC3F /* VideoService.swift in Sources */ = {isa = PBXBuildFile; fileRef = DAB9637A2466EB83002BBC3F /* VideoService.swift */; };
		DAB9637D2468244F002BBC3F /* e_Data.swift in Sources */ = {isa = PBXBuildFile; fileRef = DAB9637C2468244E002BBC3F /* e_Data.swift */; };
		DAB963812468891A002BBC3F /* NoPasteTextField.swift in Sources */ = {isa = PBXBuildFile; fileRef = DAB963802468891A002BBC3F /* NoPasteTextField.swift */; };
		DAB96383246975B0002BBC3F /* Coordinator.swift in Sources */ = {isa = PBXBuildFile; fileRef = DAB96382246975B0002BBC3F /* Coordinator.swift */; };
		DAB963852469C00F002BBC3F /* e_FileManager.swift in Sources */ = {isa = PBXBuildFile; fileRef = DAB963842469C00F002BBC3F /* e_FileManager.swift */; };
		DAB96387246AE07D002BBC3F /* FinancesApiServiceMain.swift in Sources */ = {isa = PBXBuildFile; fileRef = DAB96386246AE07D002BBC3F /* FinancesApiServiceMain.swift */; };
		DAB96389246C65A7002BBC3F /* Print.swift in Sources */ = {isa = PBXBuildFile; fileRef = DAB96388246C65A6002BBC3F /* Print.swift */; };
		DABCA635244DD78200682368 /* AppDelegate.swift in Sources */ = {isa = PBXBuildFile; fileRef = DABCA634244DD78200682368 /* AppDelegate.swift */; };
		DABCA63E244DD78500682368 /* Assets.xcassets in Resources */ = {isa = PBXBuildFile; fileRef = DABCA63D244DD78500682368 /* Assets.xcassets */; };
		DABCA641244DD78500682368 /* LaunchScreen.storyboard in Resources */ = {isa = PBXBuildFile; fileRef = DABCA63F244DD78500682368 /* LaunchScreen.storyboard */; };
		DABCA649244DD84A00682368 /* LoginViewController.swift in Sources */ = {isa = PBXBuildFile; fileRef = DABCA648244DD84A00682368 /* LoginViewController.swift */; };
		DABCA64C244DD9C000682368 /* e_UIView.swift in Sources */ = {isa = PBXBuildFile; fileRef = DABCA64B244DD9C000682368 /* e_UIView.swift */; };
		DABCA64F244DF17000682368 /* Colors.swift in Sources */ = {isa = PBXBuildFile; fileRef = DABCA64E244DF17000682368 /* Colors.swift */; };
		DABCA651244DF2FA00682368 /* e_UIColor.swift in Sources */ = {isa = PBXBuildFile; fileRef = DABCA650244DF2FA00682368 /* e_UIColor.swift */; };
		DABCA655244DFC8E00682368 /* Localizable.strings in Resources */ = {isa = PBXBuildFile; fileRef = DABCA657244DFC8E00682368 /* Localizable.strings */; };
		DABCA65A244DFCA800682368 /* e_String.swift in Sources */ = {isa = PBXBuildFile; fileRef = DABCA659244DFCA800682368 /* e_String.swift */; };
		DABCA65C244DFE2500682368 /* LoginApiService.swift in Sources */ = {isa = PBXBuildFile; fileRef = DABCA65B244DFE2500682368 /* LoginApiService.swift */; };
		DABCA65E244E09E400682368 /* e_UITextField.swift in Sources */ = {isa = PBXBuildFile; fileRef = DABCA65D244E09E400682368 /* e_UITextField.swift */; };
		DABCA662244EF5EF00682368 /* Defaults.swift in Sources */ = {isa = PBXBuildFile; fileRef = DABCA661244EF5EF00682368 /* Defaults.swift */; };
		DABCA66B244F0B3900682368 /* p_KeyboardHandler.swift in Sources */ = {isa = PBXBuildFile; fileRef = DABCA66A244F0B3900682368 /* p_KeyboardHandler.swift */; };
		DABCA671244F1C4900682368 /* ExecutorTabBarController.swift in Sources */ = {isa = PBXBuildFile; fileRef = DABCA670244F1C4900682368 /* ExecutorTabBarController.swift */; };
		DABCA673244F1C6600682368 /* OrdersViewController.swift in Sources */ = {isa = PBXBuildFile; fileRef = DABCA672244F1C6600682368 /* OrdersViewController.swift */; };
		DABCA675244F1C7500682368 /* FinancesViewController.swift in Sources */ = {isa = PBXBuildFile; fileRef = DABCA674244F1C7500682368 /* FinancesViewController.swift */; };
		DABCA677244F1C8000682368 /* SettingsViewController.swift in Sources */ = {isa = PBXBuildFile; fileRef = DABCA676244F1C8000682368 /* SettingsViewController.swift */; };
		DABCA679244F200400682368 /* OrderTableViewCell.swift in Sources */ = {isa = PBXBuildFile; fileRef = DABCA678244F200400682368 /* OrderTableViewCell.swift */; };
		DABCA67B244F243500682368 /* Order.swift in Sources */ = {isa = PBXBuildFile; fileRef = DABCA67A244F243500682368 /* Order.swift */; };
		DABCA67E244F38D300682368 /* OrderDetailsViewController.swift in Sources */ = {isa = PBXBuildFile; fileRef = DABCA67D244F38D300682368 /* OrderDetailsViewController.swift */; };
		DABCA683244F396600682368 /* OrderDetailsUnitView.swift in Sources */ = {isa = PBXBuildFile; fileRef = DABCA682244F396600682368 /* OrderDetailsUnitView.swift */; };
		DABCA6852450267300682368 /* CostView.swift in Sources */ = {isa = PBXBuildFile; fileRef = DABCA6842450267300682368 /* CostView.swift */; };
		DABCA6882450279E00682368 /* AppButton.swift in Sources */ = {isa = PBXBuildFile; fileRef = DABCA6872450279E00682368 /* AppButton.swift */; };
		DABCA68C2450878600682368 /* OrderDetailUnit.swift in Sources */ = {isa = PBXBuildFile; fileRef = DABCA68B2450878600682368 /* OrderDetailUnit.swift */; };
		DABCA68E245087FD00682368 /* OrderDetails.swift in Sources */ = {isa = PBXBuildFile; fileRef = DABCA68D245087FD00682368 /* OrderDetails.swift */; };
		DABCA694245090A300682368 /* ExecutorOrdersCoordinator.swift in Sources */ = {isa = PBXBuildFile; fileRef = DABCA693245090A300682368 /* ExecutorOrdersCoordinator.swift */; };
		DABCA69F2450994200682368 /* LoadingViewController.swift in Sources */ = {isa = PBXBuildFile; fileRef = DABCA69E2450994200682368 /* LoadingViewController.swift */; };
		DABCA6A1245099B800682368 /* e_UIViewController.swift in Sources */ = {isa = PBXBuildFile; fileRef = DABCA6A0245099B800682368 /* e_UIViewController.swift */; };
		DABCA6A724509C3B00682368 /* ErrorViewController.swift in Sources */ = {isa = PBXBuildFile; fileRef = DABCA6A624509C3B00682368 /* ErrorViewController.swift */; };
/* End PBXBuildFile section */

/* Begin PBXFileReference section */
		11F898A3F8C6BA67855DF20E /* Pods-ExecutorApp.debug.xcconfig */ = {isa = PBXFileReference; includeInIndex = 1; lastKnownFileType = text.xcconfig; name = "Pods-ExecutorApp.debug.xcconfig"; path = "Target Support Files/Pods-ExecutorApp/Pods-ExecutorApp.debug.xcconfig"; sourceTree = "<group>"; };
		2D92F9CA652923BEBC0E25AC /* Pods-ExecutorApp.release.xcconfig */ = {isa = PBXFileReference; includeInIndex = 1; lastKnownFileType = text.xcconfig; name = "Pods-ExecutorApp.release.xcconfig"; path = "Target Support Files/Pods-ExecutorApp/Pods-ExecutorApp.release.xcconfig"; sourceTree = "<group>"; };
		2ECB964E3A37964226235895 /* Pods_ExecutorApp.framework */ = {isa = PBXFileReference; explicitFileType = wrapper.framework; includeInIndex = 0; path = Pods_ExecutorApp.framework; sourceTree = BUILT_PRODUCTS_DIR; };
		DA02F88F2487DDBB0087E274 /* ExecutorsSortingView.swift */ = {isa = PBXFileReference; lastKnownFileType = sourcecode.swift; path = ExecutorsSortingView.swift; sourceTree = "<group>"; };
		DA02F8912487DE950087E274 /* SortingCollectionViewCell.swift */ = {isa = PBXFileReference; lastKnownFileType = sourcecode.swift; path = SortingCollectionViewCell.swift; sourceTree = "<group>"; };
		DA02F89B248927DB0087E274 /* PayViewController.swift */ = {isa = PBXFileReference; lastKnownFileType = sourcecode.swift; path = PayViewController.swift; sourceTree = "<group>"; };
		DA57E1E424914AE400248AD9 /* OrderPreform.swift */ = {isa = PBXFileReference; lastKnownFileType = sourcecode.swift; path = OrderPreform.swift; sourceTree = "<group>"; };
		DA57E1E7249656A000248AD9 /* EmailChangeService.swift */ = {isa = PBXFileReference; lastKnownFileType = sourcecode.swift; path = EmailChangeService.swift; sourceTree = "<group>"; };
		DA57E1EB24979C8A00248AD9 /* Executor sorting.swift */ = {isa = PBXFileReference; lastKnownFileType = sourcecode.swift; path = "Executor sorting.swift"; sourceTree = "<group>"; };
		DA6716B02450C795001791E3 /* OrderStatusView.swift */ = {isa = PBXFileReference; lastKnownFileType = sourcecode.swift; path = OrderStatusView.swift; sourceTree = "<group>"; };
		DA6716B22452B494001791E3 /* OrderDetailsTableView.swift */ = {isa = PBXFileReference; lastKnownFileType = sourcecode.swift; path = OrderDetailsTableView.swift; sourceTree = "<group>"; };
		DA6716B42452B4D4001791E3 /* OrderDetailTableViewCell.swift */ = {isa = PBXFileReference; lastKnownFileType = sourcecode.swift; path = OrderDetailTableViewCell.swift; sourceTree = "<group>"; };
		DA6716BB24531A31001791E3 /* Strings.swift */ = {isa = PBXFileReference; lastKnownFileType = sourcecode.swift; path = Strings.swift; sourceTree = "<group>"; };
		DA6716BD245322E2001791E3 /* e_UIButton.swift */ = {isa = PBXFileReference; lastKnownFileType = sourcecode.swift; path = e_UIButton.swift; sourceTree = "<group>"; };
		DA6716C124532F63001791E3 /* CameraViewController.swift */ = {isa = PBXFileReference; lastKnownFileType = sourcecode.swift; path = CameraViewController.swift; sourceTree = "<group>"; };
		DA6716C32454167D001791E3 /* ReadyToTransferView.swift */ = {isa = PBXFileReference; lastKnownFileType = sourcecode.swift; path = ReadyToTransferView.swift; sourceTree = "<group>"; };
		DA6716C524541868001791E3 /* SumView.swift */ = {isa = PBXFileReference; lastKnownFileType = sourcecode.swift; path = SumView.swift; sourceTree = "<group>"; };
		DA6716C724541A8D001791E3 /* ReadyToTransferTableViewCell.swift */ = {isa = PBXFileReference; lastKnownFileType = sourcecode.swift; path = ReadyToTransferTableViewCell.swift; sourceTree = "<group>"; };
		DA6716C924541D2B001791E3 /* FinancesInfo.swift */ = {isa = PBXFileReference; lastKnownFileType = sourcecode.swift; path = FinancesInfo.swift; sourceTree = "<group>"; };
		DA6716CB24541E75001791E3 /* ReadyToTransferTableView.swift */ = {isa = PBXFileReference; lastKnownFileType = sourcecode.swift; path = ReadyToTransferTableView.swift; sourceTree = "<group>"; };
		DA6716CE245457CA001791E3 /* UnexecutedOrdersSumView.swift */ = {isa = PBXFileReference; lastKnownFileType = sourcecode.swift; path = UnexecutedOrdersSumView.swift; sourceTree = "<group>"; };
		DA6716D024545A7E001791E3 /* FinancesCoordinator.swift */ = {isa = PBXFileReference; lastKnownFileType = sourcecode.swift; path = FinancesCoordinator.swift; sourceTree = "<group>"; };
		DA6716D72454783A001791E3 /* SelfSizingTableView.swift */ = {isa = PBXFileReference; lastKnownFileType = sourcecode.swift; path = SelfSizingTableView.swift; sourceTree = "<group>"; };
		DA6716D92454C812001791E3 /* SimpleInfoViewController.swift */ = {isa = PBXFileReference; lastKnownFileType = sourcecode.swift; path = SimpleInfoViewController.swift; sourceTree = "<group>"; };
		DA8721B024AA227D00547425 /* e_UILabel.swift */ = {isa = PBXFileReference; lastKnownFileType = sourcecode.swift; path = e_UILabel.swift; sourceTree = "<group>"; };
		DA8721B224AA236D00547425 /* AcceptWarningView.swift */ = {isa = PBXFileReference; lastKnownFileType = sourcecode.swift; path = AcceptWarningView.swift; sourceTree = "<group>"; };
		DA941DEA246FC3FA006485B3 /* AppNavController.swift */ = {isa = PBXFileReference; lastKnownFileType = sourcecode.swift; path = AppNavController.swift; sourceTree = "<group>"; };
		DA941DEC247000D1006485B3 /* UserButton.swift */ = {isa = PBXFileReference; lastKnownFileType = sourcecode.swift; path = UserButton.swift; sourceTree = "<group>"; };
		DAACA069247421CE00651E24 /* StartCoordinator.swift */ = {isa = PBXFileReference; lastKnownFileType = sourcecode.swift; path = StartCoordinator.swift; sourceTree = "<group>"; };
		DAACA06D2476600C00651E24 /* RegistrationViewController.swift */ = {isa = PBXFileReference; lastKnownFileType = sourcecode.swift; path = RegistrationViewController.swift; sourceTree = "<group>"; };
		DAACA06F24769E8100651E24 /* ForgotPassEmailViewController.swift */ = {isa = PBXFileReference; lastKnownFileType = sourcecode.swift; path = ForgotPassEmailViewController.swift; sourceTree = "<group>"; };
		DAACA0712476A25700651E24 /* ResetPassViewController.swift */ = {isa = PBXFileReference; lastKnownFileType = sourcecode.swift; path = ResetPassViewController.swift; sourceTree = "<group>"; };
		DAACA0772476DF2B00651E24 /* InputFormViewController.swift */ = {isa = PBXFileReference; lastKnownFileType = sourcecode.swift; path = InputFormViewController.swift; sourceTree = "<group>"; };
		DAACA0792477FD2C00651E24 /* InputFormView.swift */ = {isa = PBXFileReference; lastKnownFileType = sourcecode.swift; path = InputFormView.swift; sourceTree = "<group>"; };
		DAACA07B2477FE8800651E24 /* FormTextField.swift */ = {isa = PBXFileReference; lastKnownFileType = sourcecode.swift; path = FormTextField.swift; sourceTree = "<group>"; };
		DAACA07D247813B300651E24 /* ForgotPassCoordinator.swift */ = {isa = PBXFileReference; lastKnownFileType = sourcecode.swift; path = ForgotPassCoordinator.swift; sourceTree = "<group>"; };
		DAACA07F247813C100651E24 /* RegistrationCoordinator.swift */ = {isa = PBXFileReference; lastKnownFileType = sourcecode.swift; path = RegistrationCoordinator.swift; sourceTree = "<group>"; };
		DAACA08324781AA300651E24 /* p_FormDelegate.swift */ = {isa = PBXFileReference; lastKnownFileType = sourcecode.swift; path = p_FormDelegate.swift; sourceTree = "<group>"; };
		DAACA08A24783A2E00651E24 /* ForgotPassApiService.swift */ = {isa = PBXFileReference; lastKnownFileType = sourcecode.swift; path = ForgotPassApiService.swift; sourceTree = "<group>"; };
		DAACA08C247841AF00651E24 /* RegistrationApiService.swift */ = {isa = PBXFileReference; lastKnownFileType = sourcecode.swift; path = RegistrationApiService.swift; sourceTree = "<group>"; };
		DAACA094247845CD00651E24 /* CustomerTabBarController.swift */ = {isa = PBXFileReference; lastKnownFileType = sourcecode.swift; path = CustomerTabBarController.swift; sourceTree = "<group>"; };
		DAACA0962478460700651E24 /* ExecutorsTabCoordinator.swift */ = {isa = PBXFileReference; lastKnownFileType = sourcecode.swift; path = ExecutorsTabCoordinator.swift; sourceTree = "<group>"; };
		DAACA09A2478474000651E24 /* CustomerOrdersCoordinator.swift */ = {isa = PBXFileReference; lastKnownFileType = sourcecode.swift; path = CustomerOrdersCoordinator.swift; sourceTree = "<group>"; };
		DAACA09C2478476200651E24 /* CustomerSettingsCoordinator.swift */ = {isa = PBXFileReference; lastKnownFileType = sourcecode.swift; path = CustomerSettingsCoordinator.swift; sourceTree = "<group>"; };
		DAACA0A4247847D400651E24 /* ExecutorsApiService.swift */ = {isa = PBXFileReference; lastKnownFileType = sourcecode.swift; path = ExecutorsApiService.swift; sourceTree = "<group>"; };
		DAACA0A62478491F00651E24 /* ExecutorsListViewController.swift */ = {isa = PBXFileReference; lastKnownFileType = sourcecode.swift; path = ExecutorsListViewController.swift; sourceTree = "<group>"; };
		DAACA0A8247904E700651E24 /* AppTabBarController.swift */ = {isa = PBXFileReference; lastKnownFileType = sourcecode.swift; path = AppTabBarController.swift; sourceTree = "<group>"; };
		DAACA0AA2479078E00651E24 /* ExecutorDetailsViewController.swift */ = {isa = PBXFileReference; lastKnownFileType = sourcecode.swift; path = ExecutorDetailsViewController.swift; sourceTree = "<group>"; };
		DAACA0AC2479236A00651E24 /* Executor.swift */ = {isa = PBXFileReference; lastKnownFileType = sourcecode.swift; path = Executor.swift; sourceTree = "<group>"; };
		DAACA0AE247923B400651E24 /* ExecutorDetails.swift */ = {isa = PBXFileReference; lastKnownFileType = sourcecode.swift; path = ExecutorDetails.swift; sourceTree = "<group>"; };
		DAACA0B02479266E00651E24 /* ExecutorTableViewCell.swift */ = {isa = PBXFileReference; lastKnownFileType = sourcecode.swift; path = ExecutorTableViewCell.swift; sourceTree = "<group>"; };
		DAACA0B224793E1F00651E24 /* AppSearchBar.swift */ = {isa = PBXFileReference; lastKnownFileType = sourcecode.swift; path = AppSearchBar.swift; sourceTree = "<group>"; };
		DAACA0B4247A56A400651E24 /* CustomerSettingsViewController.swift */ = {isa = PBXFileReference; lastKnownFileType = sourcecode.swift; path = CustomerSettingsViewController.swift; sourceTree = "<group>"; };
		DAACA0B6247A56B800651E24 /* CustomerSettingsApiService.swift */ = {isa = PBXFileReference; lastKnownFileType = sourcecode.swift; path = CustomerSettingsApiService.swift; sourceTree = "<group>"; };
		DAACA0B8247A61D800651E24 /* CustomerImageButton.swift */ = {isa = PBXFileReference; lastKnownFileType = sourcecode.swift; path = CustomerImageButton.swift; sourceTree = "<group>"; };
		DAACA0BA247A6F1600651E24 /* CustomerUserInfo.swift */ = {isa = PBXFileReference; lastKnownFileType = sourcecode.swift; path = CustomerUserInfo.swift; sourceTree = "<group>"; };
		DAACA0BC247BF10E00651E24 /* e_UIImageView.swift */ = {isa = PBXFileReference; lastKnownFileType = sourcecode.swift; path = e_UIImageView.swift; sourceTree = "<group>"; };
		DAACA0BE247C243600651E24 /* CustomerOrdersViewController.swift */ = {isa = PBXFileReference; lastKnownFileType = sourcecode.swift; path = CustomerOrdersViewController.swift; sourceTree = "<group>"; };
		DAACA0C0247C253700651E24 /* CustomerOrdersApiService.swift */ = {isa = PBXFileReference; lastKnownFileType = sourcecode.swift; path = CustomerOrdersApiService.swift; sourceTree = "<group>"; };
		DAACA0C2247C25EF00651E24 /* CustomerOrderDetailsViewController.swift */ = {isa = PBXFileReference; lastKnownFileType = sourcecode.swift; path = CustomerOrderDetailsViewController.swift; sourceTree = "<group>"; };
		DAACA0C4247D3B5C00651E24 /* VideoThumbnailView.swift */ = {isa = PBXFileReference; lastKnownFileType = sourcecode.swift; path = VideoThumbnailView.swift; sourceTree = "<group>"; };
		DAACA0C6247D48B300651E24 /* PriceStatusView.swift */ = {isa = PBXFileReference; lastKnownFileType = sourcecode.swift; path = PriceStatusView.swift; sourceTree = "<group>"; };
		DAACA0CA24813B4C00651E24 /* PermissionsService.swift */ = {isa = PBXFileReference; lastKnownFileType = sourcecode.swift; path = PermissionsService.swift; sourceTree = "<group>"; };
		DAACA0CC24816BA100651E24 /* SocialsCollectionView.swift */ = {isa = PBXFileReference; lastKnownFileType = sourcecode.swift; path = SocialsCollectionView.swift; sourceTree = "<group>"; };
		DAACA0CE2482718300651E24 /* SocialMediaCollectionViewCell.swift */ = {isa = PBXFileReference; lastKnownFileType = sourcecode.swift; path = SocialMediaCollectionViewCell.swift; sourceTree = "<group>"; };
		DAACA0D024827AFF00651E24 /* ExecutorDetailsView.swift */ = {isa = PBXFileReference; lastKnownFileType = sourcecode.swift; path = ExecutorDetailsView.swift; sourceTree = "<group>"; };
		DAACA0D2248283F800651E24 /* OrderFormView.swift */ = {isa = PBXFileReference; lastKnownFileType = sourcecode.swift; path = OrderFormView.swift; sourceTree = "<group>"; };
		DAACA0D42482843300651E24 /* OrderFormTableViewCell.swift */ = {isa = PBXFileReference; lastKnownFileType = sourcecode.swift; path = OrderFormTableViewCell.swift; sourceTree = "<group>"; };
		DAACA0D6248289D900651E24 /* OrderScheme.swift */ = {isa = PBXFileReference; lastKnownFileType = sourcecode.swift; path = OrderScheme.swift; sourceTree = "<group>"; };
		DAACA0D824828ABC00651E24 /* OrderSchemeUnit.swift */ = {isa = PBXFileReference; lastKnownFileType = sourcecode.swift; path = OrderSchemeUnit.swift; sourceTree = "<group>"; };
		DAACA0DA2485276E00651E24 /* OrderOptionTableViewCell.swift */ = {isa = PBXFileReference; lastKnownFileType = sourcecode.swift; path = OrderOptionTableViewCell.swift; sourceTree = "<group>"; };
		DAACA0DC2485278100651E24 /* OrderOptionsViewController.swift */ = {isa = PBXFileReference; lastKnownFileType = sourcecode.swift; path = OrderOptionsViewController.swift; sourceTree = "<group>"; };
		DAB962FB2455B873002BBC3F /* SettingsCoordinator.swift */ = {isa = PBXFileReference; lastKnownFileType = sourcecode.swift; path = SettingsCoordinator.swift; sourceTree = "<group>"; };
		DAB963032455BD1D002BBC3F /* UserInfo.swift */ = {isa = PBXFileReference; lastKnownFileType = sourcecode.swift; path = UserInfo.swift; sourceTree = "<group>"; };
		DAB963052455BDB2002BBC3F /* SocialMedia.swift */ = {isa = PBXFileReference; lastKnownFileType = sourcecode.swift; path = SocialMedia.swift; sourceTree = "<group>"; };
		DAB963072455C244002BBC3F /* OrderSettings.swift */ = {isa = PBXFileReference; lastKnownFileType = sourcecode.swift; path = OrderSettings.swift; sourceTree = "<group>"; };
		DAB963092455C9E3002BBC3F /* ProfileSettingsView.swift */ = {isa = PBXFileReference; lastKnownFileType = sourcecode.swift; path = ProfileSettingsView.swift; sourceTree = "<group>"; };
		DAB9630D2455CAA1002BBC3F /* SocialMediaTableView.swift */ = {isa = PBXFileReference; lastKnownFileType = sourcecode.swift; path = SocialMediaTableView.swift; sourceTree = "<group>"; };
		DAB9630F2455CB40002BBC3F /* SocialMediaTableViewCell.swift */ = {isa = PBXFileReference; lastKnownFileType = sourcecode.swift; path = SocialMediaTableViewCell.swift; sourceTree = "<group>"; };
		DAB963112456D18E002BBC3F /* PhotoPickerViewController.swift */ = {isa = PBXFileReference; lastKnownFileType = sourcecode.swift; path = PhotoPickerViewController.swift; sourceTree = "<group>"; };
		DAB9631324570843002BBC3F /* ChangePasswordViewController.swift */ = {isa = PBXFileReference; lastKnownFileType = sourcecode.swift; path = ChangePasswordViewController.swift; sourceTree = "<group>"; };
		DAB9631724570E73002BBC3F /* SizeConstants.swift */ = {isa = PBXFileReference; lastKnownFileType = sourcecode.swift; path = SizeConstants.swift; sourceTree = "<group>"; };
		DAB96319245715DC002BBC3F /* LabelTextFieldView.swift */ = {isa = PBXFileReference; lastKnownFileType = sourcecode.swift; path = LabelTextFieldView.swift; sourceTree = "<group>"; };
		DAB9631B24582A50002BBC3F /* PassInfo.swift */ = {isa = PBXFileReference; lastKnownFileType = sourcecode.swift; path = PassInfo.swift; sourceTree = "<group>"; };
		DAB9632624584144002BBC3F /* OrderSettingsTableViewCell.swift */ = {isa = PBXFileReference; lastKnownFileType = sourcecode.swift; path = OrderSettingsTableViewCell.swift; sourceTree = "<group>"; };
		DAB9632824584246002BBC3F /* AppSwitch.swift */ = {isa = PBXFileReference; lastKnownFileType = sourcecode.swift; path = AppSwitch.swift; sourceTree = "<group>"; };
		DAB9632A24584CBD002BBC3F /* AppTextField.swift */ = {isa = PBXFileReference; lastKnownFileType = sourcecode.swift; path = AppTextField.swift; sourceTree = "<group>"; };
		DAB9632C24585B98002BBC3F /* OrderSettingsTableView.swift */ = {isa = PBXFileReference; lastKnownFileType = sourcecode.swift; path = OrderSettingsTableView.swift; sourceTree = "<group>"; };
		DAB9632E24589E1D002BBC3F /* HashtagsView.swift */ = {isa = PBXFileReference; lastKnownFileType = sourcecode.swift; path = HashtagsView.swift; sourceTree = "<group>"; };
		DAB963342459B06C002BBC3F /* e_UIAlertController.swift */ = {isa = PBXFileReference; lastKnownFileType = sourcecode.swift; path = e_UIAlertController.swift; sourceTree = "<group>"; };
		DAB963362459BECA002BBC3F /* PopupErrorViewController.swift */ = {isa = PBXFileReference; lastKnownFileType = sourcecode.swift; path = PopupErrorViewController.swift; sourceTree = "<group>"; };
		DAB9633F2459FE2D002BBC3F /* InfoService.swift */ = {isa = PBXFileReference; lastKnownFileType = sourcecode.swift; path = InfoService.swift; sourceTree = "<group>"; };
		DAB96343245B3825002BBC3F /* AppURL.swift */ = {isa = PBXFileReference; lastKnownFileType = sourcecode.swift; path = AppURL.swift; sourceTree = "<group>"; };
		DAB96347245B5852002BBC3F /* StartViewController.swift */ = {isa = PBXFileReference; lastKnownFileType = sourcecode.swift; path = StartViewController.swift; sourceTree = "<group>"; };
		DAB96358245C1D65002BBC3F /* ExecutorOrdersApiService.swift */ = {isa = PBXFileReference; lastKnownFileType = sourcecode.swift; path = ExecutorOrdersApiService.swift; sourceTree = "<group>"; };
		DAB9635A245C1D93002BBC3F /* ExecutorOrderDetailsApiService.swift */ = {isa = PBXFileReference; lastKnownFileType = sourcecode.swift; path = ExecutorOrderDetailsApiService.swift; sourceTree = "<group>"; };
		DAB9635C245C9410002BBC3F /* e_UIImage.swift */ = {isa = PBXFileReference; lastKnownFileType = sourcecode.swift; path = e_UIImage.swift; sourceTree = "<group>"; };
		DAB9635E245C9AE9002BBC3F /* SettingsApiServiceMain.swift */ = {isa = PBXFileReference; lastKnownFileType = sourcecode.swift; path = SettingsApiServiceMain.swift; sourceTree = "<group>"; };
		DAB96360245EB9DD002BBC3F /* e_Converting.swift */ = {isa = PBXFileReference; lastKnownFileType = sourcecode.swift; path = e_Converting.swift; sourceTree = "<group>"; };
		DAB96364245F047E002BBC3F /* ImageCropperViewController.swift */ = {isa = PBXFileReference; lastKnownFileType = sourcecode.swift; path = ImageCropperViewController.swift; sourceTree = "<group>"; };
		DAB963682462DF45002BBC3F /* LoginCoordinator.swift */ = {isa = PBXFileReference; lastKnownFileType = sourcecode.swift; path = LoginCoordinator.swift; sourceTree = "<group>"; };
		DAB9636A2463061B002BBC3F /* p_VideoActionsDelegate.swift */ = {isa = PBXFileReference; lastKnownFileType = sourcecode.swift; path = p_VideoActionsDelegate.swift; sourceTree = "<group>"; };
		DAB9636C246324E1002BBC3F /* OrderStatusButtonsView.swift */ = {isa = PBXFileReference; lastKnownFileType = sourcecode.swift; path = OrderStatusButtonsView.swift; sourceTree = "<group>"; };
		DAB9636E24632720002BBC3F /* OrderStatusImageView.swift */ = {isa = PBXFileReference; lastKnownFileType = sourcecode.swift; path = OrderStatusImageView.swift; sourceTree = "<group>"; };
		DAB9637024632DF4002BBC3F /* VideoPickerViewController.swift */ = {isa = PBXFileReference; lastKnownFileType = sourcecode.swift; path = VideoPickerViewController.swift; sourceTree = "<group>"; };
		DAB963722465AFAF002BBC3F /* p_SettingsDelegate.swift */ = {isa = PBXFileReference; lastKnownFileType = sourcecode.swift; path = p_SettingsDelegate.swift; sourceTree = "<group>"; };
		DAB963742465B977002BBC3F /* e_URLSession.swift */ = {isa = PBXFileReference; lastKnownFileType = sourcecode.swift; path = e_URLSession.swift; sourceTree = "<group>"; };
		DAB963762465C929002BBC3F /* e_URLRequest.swift */ = {isa = PBXFileReference; lastKnownFileType = sourcecode.swift; path = e_URLRequest.swift; sourceTree = "<group>"; };
		DAB9637A2466EB83002BBC3F /* VideoService.swift */ = {isa = PBXFileReference; fileEncoding = 4; lastKnownFileType = sourcecode.swift; path = VideoService.swift; sourceTree = "<group>"; };
		DAB9637C2468244E002BBC3F /* e_Data.swift */ = {isa = PBXFileReference; lastKnownFileType = sourcecode.swift; path = e_Data.swift; sourceTree = "<group>"; };
		DAB963802468891A002BBC3F /* NoPasteTextField.swift */ = {isa = PBXFileReference; lastKnownFileType = sourcecode.swift; path = NoPasteTextField.swift; sourceTree = "<group>"; };
		DAB96382246975B0002BBC3F /* Coordinator.swift */ = {isa = PBXFileReference; lastKnownFileType = sourcecode.swift; path = Coordinator.swift; sourceTree = "<group>"; };
		DAB963842469C00F002BBC3F /* e_FileManager.swift */ = {isa = PBXFileReference; lastKnownFileType = sourcecode.swift; path = e_FileManager.swift; sourceTree = "<group>"; };
		DAB96386246AE07D002BBC3F /* FinancesApiServiceMain.swift */ = {isa = PBXFileReference; lastKnownFileType = sourcecode.swift; path = FinancesApiServiceMain.swift; sourceTree = "<group>"; };
		DAB96388246C65A6002BBC3F /* Print.swift */ = {isa = PBXFileReference; lastKnownFileType = sourcecode.swift; path = Print.swift; sourceTree = "<group>"; };
		DABCA631244DD78200682368 /* ExecutorApp.app */ = {isa = PBXFileReference; explicitFileType = wrapper.application; includeInIndex = 0; path = ExecutorApp.app; sourceTree = BUILT_PRODUCTS_DIR; };
		DABCA634244DD78200682368 /* AppDelegate.swift */ = {isa = PBXFileReference; lastKnownFileType = sourcecode.swift; path = AppDelegate.swift; sourceTree = "<group>"; };
		DABCA63D244DD78500682368 /* Assets.xcassets */ = {isa = PBXFileReference; lastKnownFileType = folder.assetcatalog; path = Assets.xcassets; sourceTree = "<group>"; };
		DABCA640244DD78500682368 /* Base */ = {isa = PBXFileReference; lastKnownFileType = file.storyboard; name = Base; path = Base.lproj/LaunchScreen.storyboard; sourceTree = "<group>"; };
		DABCA642244DD78500682368 /* Info.plist */ = {isa = PBXFileReference; lastKnownFileType = text.plist.xml; path = Info.plist; sourceTree = "<group>"; };
		DABCA648244DD84A00682368 /* LoginViewController.swift */ = {isa = PBXFileReference; lastKnownFileType = sourcecode.swift; path = LoginViewController.swift; sourceTree = "<group>"; };
		DABCA64B244DD9C000682368 /* e_UIView.swift */ = {isa = PBXFileReference; lastKnownFileType = sourcecode.swift; path = e_UIView.swift; sourceTree = "<group>"; };
		DABCA64E244DF17000682368 /* Colors.swift */ = {isa = PBXFileReference; lastKnownFileType = sourcecode.swift; path = Colors.swift; sourceTree = "<group>"; };
		DABCA650244DF2FA00682368 /* e_UIColor.swift */ = {isa = PBXFileReference; lastKnownFileType = sourcecode.swift; path = e_UIColor.swift; sourceTree = "<group>"; };
		DABCA654244DFC6000682368 /* ru */ = {isa = PBXFileReference; lastKnownFileType = text.plist.strings; name = ru; path = ru.lproj/LaunchScreen.strings; sourceTree = "<group>"; };
		DABCA656244DFC8E00682368 /* en */ = {isa = PBXFileReference; lastKnownFileType = text.plist.strings; name = en; path = en.lproj/Localizable.strings; sourceTree = "<group>"; };
		DABCA658244DFC9200682368 /* ru */ = {isa = PBXFileReference; lastKnownFileType = text.plist.strings; name = ru; path = ru.lproj/Localizable.strings; sourceTree = "<group>"; };
		DABCA659244DFCA800682368 /* e_String.swift */ = {isa = PBXFileReference; lastKnownFileType = sourcecode.swift; path = e_String.swift; sourceTree = "<group>"; };
		DABCA65B244DFE2500682368 /* LoginApiService.swift */ = {isa = PBXFileReference; lastKnownFileType = sourcecode.swift; path = LoginApiService.swift; sourceTree = "<group>"; };
		DABCA65D244E09E400682368 /* e_UITextField.swift */ = {isa = PBXFileReference; lastKnownFileType = sourcecode.swift; path = e_UITextField.swift; sourceTree = "<group>"; };
		DABCA661244EF5EF00682368 /* Defaults.swift */ = {isa = PBXFileReference; lastKnownFileType = sourcecode.swift; path = Defaults.swift; sourceTree = "<group>"; };
		DABCA66A244F0B3900682368 /* p_KeyboardHandler.swift */ = {isa = PBXFileReference; lastKnownFileType = sourcecode.swift; path = p_KeyboardHandler.swift; sourceTree = "<group>"; };
		DABCA670244F1C4900682368 /* ExecutorTabBarController.swift */ = {isa = PBXFileReference; lastKnownFileType = sourcecode.swift; path = ExecutorTabBarController.swift; sourceTree = "<group>"; };
		DABCA672244F1C6600682368 /* OrdersViewController.swift */ = {isa = PBXFileReference; lastKnownFileType = sourcecode.swift; path = OrdersViewController.swift; sourceTree = "<group>"; };
		DABCA674244F1C7500682368 /* FinancesViewController.swift */ = {isa = PBXFileReference; lastKnownFileType = sourcecode.swift; path = FinancesViewController.swift; sourceTree = "<group>"; };
		DABCA676244F1C8000682368 /* SettingsViewController.swift */ = {isa = PBXFileReference; lastKnownFileType = sourcecode.swift; path = SettingsViewController.swift; sourceTree = "<group>"; };
		DABCA678244F200400682368 /* OrderTableViewCell.swift */ = {isa = PBXFileReference; lastKnownFileType = sourcecode.swift; path = OrderTableViewCell.swift; sourceTree = "<group>"; };
		DABCA67A244F243500682368 /* Order.swift */ = {isa = PBXFileReference; lastKnownFileType = sourcecode.swift; path = Order.swift; sourceTree = "<group>"; };
		DABCA67D244F38D300682368 /* OrderDetailsViewController.swift */ = {isa = PBXFileReference; lastKnownFileType = sourcecode.swift; path = OrderDetailsViewController.swift; sourceTree = "<group>"; };
		DABCA682244F396600682368 /* OrderDetailsUnitView.swift */ = {isa = PBXFileReference; lastKnownFileType = sourcecode.swift; path = OrderDetailsUnitView.swift; sourceTree = "<group>"; };
		DABCA6842450267300682368 /* CostView.swift */ = {isa = PBXFileReference; lastKnownFileType = sourcecode.swift; path = CostView.swift; sourceTree = "<group>"; };
		DABCA6872450279E00682368 /* AppButton.swift */ = {isa = PBXFileReference; lastKnownFileType = sourcecode.swift; path = AppButton.swift; sourceTree = "<group>"; };
		DABCA68B2450878600682368 /* OrderDetailUnit.swift */ = {isa = PBXFileReference; lastKnownFileType = sourcecode.swift; path = OrderDetailUnit.swift; sourceTree = "<group>"; };
		DABCA68D245087FD00682368 /* OrderDetails.swift */ = {isa = PBXFileReference; lastKnownFileType = sourcecode.swift; path = OrderDetails.swift; sourceTree = "<group>"; };
		DABCA693245090A300682368 /* ExecutorOrdersCoordinator.swift */ = {isa = PBXFileReference; lastKnownFileType = sourcecode.swift; path = ExecutorOrdersCoordinator.swift; sourceTree = "<group>"; };
		DABCA69E2450994200682368 /* LoadingViewController.swift */ = {isa = PBXFileReference; lastKnownFileType = sourcecode.swift; path = LoadingViewController.swift; sourceTree = "<group>"; };
		DABCA6A0245099B800682368 /* e_UIViewController.swift */ = {isa = PBXFileReference; lastKnownFileType = sourcecode.swift; path = e_UIViewController.swift; sourceTree = "<group>"; };
		DABCA6A624509C3B00682368 /* ErrorViewController.swift */ = {isa = PBXFileReference; lastKnownFileType = sourcecode.swift; path = ErrorViewController.swift; sourceTree = "<group>"; };
/* End PBXFileReference section */

/* Begin PBXFrameworksBuildPhase section */
		DABCA62E244DD78200682368 /* Frameworks */ = {
			isa = PBXFrameworksBuildPhase;
			buildActionMask = 2147483647;
			files = (
				7A101F064E0E963967CADD55 /* Pods_ExecutorApp.framework in Frameworks */,
			);
			runOnlyForDeploymentPostprocessing = 0;
		};
/* End PBXFrameworksBuildPhase section */

/* Begin PBXGroup section */
		1B50ED12633C0D73DF7BE663 /* Frameworks */ = {
			isa = PBXGroup;
			children = (
				2ECB964E3A37964226235895 /* Pods_ExecutorApp.framework */,
			);
			name = Frameworks;
			sourceTree = "<group>";
		};
		423531795B542AAFADB9BCA9 /* Pods */ = {
			isa = PBXGroup;
			children = (
				11F898A3F8C6BA67855DF20E /* Pods-ExecutorApp.debug.xcconfig */,
				2D92F9CA652923BEBC0E25AC /* Pods-ExecutorApp.release.xcconfig */,
			);
			path = Pods;
			sourceTree = "<group>";
		};
		DA02F893248919B30087E274 /* ExecutorsList */ = {
			isa = PBXGroup;
			children = (
				DAACA0A62478491F00651E24 /* ExecutorsListViewController.swift */,
				DAACA0B02479266E00651E24 /* ExecutorTableViewCell.swift */,
				DA02F894248919C40087E274 /* Sorting */,
			);
			path = ExecutorsList;
			sourceTree = "<group>";
		};
		DA02F894248919C40087E274 /* Sorting */ = {
			isa = PBXGroup;
			children = (
				DA02F88F2487DDBB0087E274 /* ExecutorsSortingView.swift */,
				DA02F8912487DE950087E274 /* SortingCollectionViewCell.swift */,
			);
			path = Sorting;
			sourceTree = "<group>";
		};
		DA02F895248919CD0087E274 /* ExecutorDetails */ = {
			isa = PBXGroup;
			children = (
				DAACA0AA2479078E00651E24 /* ExecutorDetailsViewController.swift */,
				DAACA0D024827AFF00651E24 /* ExecutorDetailsView.swift */,
				DA02F896248919D60087E274 /* Socials */,
				DA02F89824891A1F0087E274 /* OrderForm */,
			);
			path = ExecutorDetails;
			sourceTree = "<group>";
		};
		DA02F896248919D60087E274 /* Socials */ = {
			isa = PBXGroup;
			children = (
				DAACA0CC24816BA100651E24 /* SocialsCollectionView.swift */,
				DAACA0CE2482718300651E24 /* SocialMediaCollectionViewCell.swift */,
			);
			path = Socials;
			sourceTree = "<group>";
		};
		DA02F89824891A1F0087E274 /* OrderForm */ = {
			isa = PBXGroup;
			children = (
				DAACA0D2248283F800651E24 /* OrderFormView.swift */,
				DAACA0D42482843300651E24 /* OrderFormTableViewCell.swift */,
			);
			path = OrderForm;
			sourceTree = "<group>";
		};
		DA02F89924891A4A0087E274 /* OrderOptionsScreen */ = {
			isa = PBXGroup;
			children = (
				DAACA0DC2485278100651E24 /* OrderOptionsViewController.swift */,
				DAACA0DA2485276E00651E24 /* OrderOptionTableViewCell.swift */,
			);
			path = OrderOptionsScreen;
			sourceTree = "<group>";
		};
		DA02F89A248927AE0087E274 /* PayScreen */ = {
			isa = PBXGroup;
			children = (
				DA02F89B248927DB0087E274 /* PayViewController.swift */,
			);
			path = PayScreen;
			sourceTree = "<group>";
		};
		DA57E1E62496567800248AD9 /* Coordinator Services */ = {
			isa = PBXGroup;
			children = (
				DA57E1E7249656A000248AD9 /* EmailChangeService.swift */,
			);
			path = "Coordinator Services";
			sourceTree = "<group>";
		};
		DA6716B62452C088001791E3 /* OrderDetailsTableView */ = {
			isa = PBXGroup;
			children = (
				DA6716B22452B494001791E3 /* OrderDetailsTableView.swift */,
				DA6716B42452B4D4001791E3 /* OrderDetailTableViewCell.swift */,
				DABCA682244F396600682368 /* OrderDetailsUnitView.swift */,
			);
			path = OrderDetailsTableView;
			sourceTree = "<group>";
		};
		DA6716CD2454574D001791E3 /* ReadyForTransfer */ = {
			isa = PBXGroup;
			children = (
				DA6716C32454167D001791E3 /* ReadyToTransferView.swift */,
				DA6716CB24541E75001791E3 /* ReadyToTransferTableView.swift */,
				DA6716D72454783A001791E3 /* SelfSizingTableView.swift */,
				DA6716C724541A8D001791E3 /* ReadyToTransferTableViewCell.swift */,
			);
			path = ReadyForTransfer;
			sourceTree = "<group>";
		};
		DA6716D624546B9D001791E3 /* Strings */ = {
			isa = PBXGroup;
			children = (
				DA6716BB24531A31001791E3 /* Strings.swift */,
				DABCA657244DFC8E00682368 /* Localizable.strings */,
			);
			path = Strings;
			sourceTree = "<group>";
		};
		DAACA08924783A1600651E24 /* API Services */ = {
			isa = PBXGroup;
			children = (
				DABCA65B244DFE2500682368 /* LoginApiService.swift */,
				DAACA08A24783A2E00651E24 /* ForgotPassApiService.swift */,
				DAACA08C247841AF00651E24 /* RegistrationApiService.swift */,
			);
			path = "API Services";
			sourceTree = "<group>";
		};
		DAACA08E247843B200651E24 /* Coordinators */ = {
			isa = PBXGroup;
			children = (
				DAB963682462DF45002BBC3F /* LoginCoordinator.swift */,
				DAACA07D247813B300651E24 /* ForgotPassCoordinator.swift */,
				DAACA07F247813C100651E24 /* RegistrationCoordinator.swift */,
			);
			path = Coordinators;
			sourceTree = "<group>";
		};
		DAACA08F2478443D00651E24 /* Base classes */ = {
			isa = PBXGroup;
			children = (
				DAACA0772476DF2B00651E24 /* InputFormViewController.swift */,
				DAACA0792477FD2C00651E24 /* InputFormView.swift */,
				DAACA07B2477FE8800651E24 /* FormTextField.swift */,
			);
			path = "Base classes";
			sourceTree = "<group>";
		};
		DAACA090247844AB00651E24 /* Customer Part */ = {
			isa = PBXGroup;
			children = (
				DAACA094247845CD00651E24 /* CustomerTabBarController.swift */,
				DAACA091247844BE00651E24 /* ExecutorsTab */,
				DAACA092247844DA00651E24 /* OrdersTab */,
				DAACA093247844E900651E24 /* SettingsTab */,
			);
			path = "Customer Part";
			sourceTree = "<group>";
		};
		DAACA091247844BE00651E24 /* ExecutorsTab */ = {
			isa = PBXGroup;
			children = (
				DAACA0962478460700651E24 /* ExecutorsTabCoordinator.swift */,
				DAACA09F2478478000651E24 /* API Services */,
				DAACA09E2478477800651E24 /* ViewControllers */,
			);
			path = ExecutorsTab;
			sourceTree = "<group>";
		};
		DAACA092247844DA00651E24 /* OrdersTab */ = {
			isa = PBXGroup;
			children = (
				DAACA09A2478474000651E24 /* CustomerOrdersCoordinator.swift */,
				DAACA0A12478479600651E24 /* API Services */,
				DAACA0A02478478800651E24 /* ViewControllers */,
			);
			path = OrdersTab;
			sourceTree = "<group>";
		};
		DAACA093247844E900651E24 /* SettingsTab */ = {
			isa = PBXGroup;
			children = (
				DAACA09C2478476200651E24 /* CustomerSettingsCoordinator.swift */,
				DA57E1E62496567800248AD9 /* Coordinator Services */,
				DAACA0A3247847B400651E24 /* API Services */,
				DAACA0A2247847A000651E24 /* ViewControllers */,
			);
			path = SettingsTab;
			sourceTree = "<group>";
		};
		DAACA09E2478477800651E24 /* ViewControllers */ = {
			isa = PBXGroup;
			children = (
				DA02F893248919B30087E274 /* ExecutorsList */,
				DA02F895248919CD0087E274 /* ExecutorDetails */,
				DA02F89924891A4A0087E274 /* OrderOptionsScreen */,
				DA02F89A248927AE0087E274 /* PayScreen */,
			);
			path = ViewControllers;
			sourceTree = "<group>";
		};
		DAACA09F2478478000651E24 /* API Services */ = {
			isa = PBXGroup;
			children = (
				DAACA0A4247847D400651E24 /* ExecutorsApiService.swift */,
			);
			path = "API Services";
			sourceTree = "<group>";
		};
		DAACA0A02478478800651E24 /* ViewControllers */ = {
			isa = PBXGroup;
			children = (
				DAACA0BE247C243600651E24 /* CustomerOrdersViewController.swift */,
				DAACA0C2247C25EF00651E24 /* CustomerOrderDetailsViewController.swift */,
				DAACA0C6247D48B300651E24 /* PriceStatusView.swift */,
				DAACA0C4247D3B5C00651E24 /* VideoThumbnailView.swift */,
			);
			path = ViewControllers;
			sourceTree = "<group>";
		};
		DAACA0A12478479600651E24 /* API Services */ = {
			isa = PBXGroup;
			children = (
				DAACA0C0247C253700651E24 /* CustomerOrdersApiService.swift */,
			);
			path = "API Services";
			sourceTree = "<group>";
		};
		DAACA0A2247847A000651E24 /* ViewControllers */ = {
			isa = PBXGroup;
			children = (
				DAACA0B4247A56A400651E24 /* CustomerSettingsViewController.swift */,
				DAACA0B8247A61D800651E24 /* CustomerImageButton.swift */,
			);
			path = ViewControllers;
			sourceTree = "<group>";
		};
		DAACA0A3247847B400651E24 /* API Services */ = {
			isa = PBXGroup;
			children = (
				DAACA0B6247A56B800651E24 /* CustomerSettingsApiService.swift */,
			);
			path = "API Services";
			sourceTree = "<group>";
		};
		DAB9631D24583EF6002BBC3F /* View Controllers */ = {
			isa = PBXGroup;
			children = (
				DAB9632024583F6D002BBC3F /* Settings ViewController */,
				DAB963112456D18E002BBC3F /* PhotoPickerViewController.swift */,
				DAB96364245F047E002BBC3F /* ImageCropperViewController.swift */,
				DAB9632124583F97002BBC3F /* Change Password ViewController */,
			);
			path = "View Controllers";
			sourceTree = "<group>";
		};
		DAB9631E24583F0E002BBC3F /* Profile settings subviews */ = {
			isa = PBXGroup;
			children = (
				DAB963092455C9E3002BBC3F /* ProfileSettingsView.swift */,
				DAB9630D2455CAA1002BBC3F /* SocialMediaTableView.swift */,
				DAB9630F2455CB40002BBC3F /* SocialMediaTableViewCell.swift */,
				DAB9632E24589E1D002BBC3F /* HashtagsView.swift */,
			);
			name = "Profile settings subviews";
			sourceTree = "<group>";
		};
		DAB9631F24583F29002BBC3F /* Order settings subviews */ = {
			isa = PBXGroup;
			children = (
				DAB9632C24585B98002BBC3F /* OrderSettingsTableView.swift */,
				DAB9632624584144002BBC3F /* OrderSettingsTableViewCell.swift */,
			);
			name = "Order settings subviews";
			sourceTree = "<group>";
		};
		DAB9632024583F6D002BBC3F /* Settings ViewController */ = {
			isa = PBXGroup;
			children = (
				DABCA676244F1C8000682368 /* SettingsViewController.swift */,
				DAB963722465AFAF002BBC3F /* p_SettingsDelegate.swift */,
				DAB9631E24583F0E002BBC3F /* Profile settings subviews */,
				DAB9631F24583F29002BBC3F /* Order settings subviews */,
			);
			name = "Settings ViewController";
			sourceTree = "<group>";
		};
		DAB9632124583F97002BBC3F /* Change Password ViewController */ = {
			isa = PBXGroup;
			children = (
				DAB9631324570843002BBC3F /* ChangePasswordViewController.swift */,
				DAB96319245715DC002BBC3F /* LabelTextFieldView.swift */,
			);
			name = "Change Password ViewController";
			sourceTree = "<group>";
		};
		DAB9632224583FC6002BBC3F /* View Controllers */ = {
			isa = PBXGroup;
			children = (
				DABCA67F244F38F500682368 /* OrdersList */,
				DABCA680244F390D00682368 /* OrderDetails */,
				DABCA681244F391E00682368 /* Camera */,
			);
			path = "View Controllers";
			sourceTree = "<group>";
		};
		DAB9632324583FFD002BBC3F /* View Controllers */ = {
			isa = PBXGroup;
			children = (
				DAB963242458400A002BBC3F /* Finances ViewController */,
			);
			path = "View Controllers";
			sourceTree = "<group>";
		};
		DAB963242458400A002BBC3F /* Finances ViewController */ = {
			isa = PBXGroup;
			children = (
				DABCA674244F1C7500682368 /* FinancesViewController.swift */,
				DA6716CD2454574D001791E3 /* ReadyForTransfer */,
				DA6716CE245457CA001791E3 /* UnexecutedOrdersSumView.swift */,
				DA6716C524541868001791E3 /* SumView.swift */,
			);
			path = "Finances ViewController";
			sourceTree = "<group>";
		};
		DAB96357245C1CAC002BBC3F /* API Services */ = {
			isa = PBXGroup;
			children = (
				DAB96358245C1D65002BBC3F /* ExecutorOrdersApiService.swift */,
				DAB9635A245C1D93002BBC3F /* ExecutorOrderDetailsApiService.swift */,
			);
			path = "API Services";
			sourceTree = "<group>";
		};
		DABCA628244DD78200682368 = {
			isa = PBXGroup;
			children = (
				DABCA633244DD78200682368 /* ExecutorApp */,
				DABCA632244DD78200682368 /* Products */,
				423531795B542AAFADB9BCA9 /* Pods */,
				1B50ED12633C0D73DF7BE663 /* Frameworks */,
			);
			sourceTree = "<group>";
		};
		DABCA632244DD78200682368 /* Products */ = {
			isa = PBXGroup;
			children = (
				DABCA631244DD78200682368 /* ExecutorApp.app */,
			);
			name = Products;
			sourceTree = "<group>";
		};
		DABCA633244DD78200682368 /* ExecutorApp */ = {
			isa = PBXGroup;
			children = (
				DABCA634244DD78200682368 /* AppDelegate.swift */,
				DABCA661244EF5EF00682368 /* Defaults.swift */,
				DAB96343245B3825002BBC3F /* AppURL.swift */,
				DABCA66A244F0B3900682368 /* p_KeyboardHandler.swift */,
				DABCA69D2450991D00682368 /* States */,
				DABCA6862450278100682368 /* Base classes */,
				DABCA667244F088E00682368 /* StartScreen */,
				DABCA66C244F1BB600682368 /* AppScreens */,
				DAACA090247844AB00651E24 /* Customer Part */,
				DABCA64D244DF15B00682368 /* Design */,
				DABCA64A244DD9AE00682368 /* Extensions */,
				DABCA63D244DD78500682368 /* Assets.xcassets */,
				DABCA67C244F243A00682368 /* Model */,
				DABCA63F244DD78500682368 /* LaunchScreen.storyboard */,
				DABCA642244DD78500682368 /* Info.plist */,
				DAB9631724570E73002BBC3F /* SizeConstants.swift */,
				DA6716D624546B9D001791E3 /* Strings */,
			);
			path = ExecutorApp;
			sourceTree = "<group>";
		};
		DABCA64A244DD9AE00682368 /* Extensions */ = {
			isa = PBXGroup;
			children = (
				DABCA64B244DD9C000682368 /* e_UIView.swift */,
				DABCA6A0245099B800682368 /* e_UIViewController.swift */,
				DAB9635C245C9410002BBC3F /* e_UIImage.swift */,
				DAACA0BC247BF10E00651E24 /* e_UIImageView.swift */,
				DA6716BD245322E2001791E3 /* e_UIButton.swift */,
				DA8721B024AA227D00547425 /* e_UILabel.swift */,
				DAB963342459B06C002BBC3F /* e_UIAlertController.swift */,
				DABCA65D244E09E400682368 /* e_UITextField.swift */,
				DABCA650244DF2FA00682368 /* e_UIColor.swift */,
				DAB963842469C00F002BBC3F /* e_FileManager.swift */,
				DAB963742465B977002BBC3F /* e_URLSession.swift */,
				DAB963762465C929002BBC3F /* e_URLRequest.swift */,
				DABCA659244DFCA800682368 /* e_String.swift */,
				DAB9637C2468244E002BBC3F /* e_Data.swift */,
				DAB96360245EB9DD002BBC3F /* e_Converting.swift */,
			);
			path = Extensions;
			sourceTree = "<group>";
		};
		DABCA64D244DF15B00682368 /* Design */ = {
			isa = PBXGroup;
			children = (
				DABCA64E244DF17000682368 /* Colors.swift */,
			);
			path = Design;
			sourceTree = "<group>";
		};
		DABCA667244F088E00682368 /* StartScreen */ = {
			isa = PBXGroup;
			children = (
				DAACA08324781AA300651E24 /* p_FormDelegate.swift */,
				DAACA069247421CE00651E24 /* StartCoordinator.swift */,
				DAB9633F2459FE2D002BBC3F /* InfoService.swift */,
				DAACA0CA24813B4C00651E24 /* PermissionsService.swift */,
				DAACA08F2478443D00651E24 /* Base classes */,
				DAACA08E247843B200651E24 /* Coordinators */,
				DAACA08924783A1600651E24 /* API Services */,
				DABCA668244F08B100682368 /* ViewControllers */,
			);
			path = StartScreen;
			sourceTree = "<group>";
		};
		DABCA668244F08B100682368 /* ViewControllers */ = {
			isa = PBXGroup;
			children = (
				DAB96347245B5852002BBC3F /* StartViewController.swift */,
				DABCA648244DD84A00682368 /* LoginViewController.swift */,
				DAACA06F24769E8100651E24 /* ForgotPassEmailViewController.swift */,
				DAACA0712476A25700651E24 /* ResetPassViewController.swift */,
				DAACA06D2476600C00651E24 /* RegistrationViewController.swift */,
			);
			path = ViewControllers;
			sourceTree = "<group>";
		};
		DABCA66C244F1BB600682368 /* AppScreens */ = {
			isa = PBXGroup;
			children = (
				DABCA670244F1C4900682368 /* ExecutorTabBarController.swift */,
				DABCA66D244F1BD200682368 /* OrdersTab */,
				DABCA66E244F1C0000682368 /* FinancesTab */,
				DABCA66F244F1C1700682368 /* SettingsTab */,
			);
			path = AppScreens;
			sourceTree = "<group>";
		};
		DABCA66D244F1BD200682368 /* OrdersTab */ = {
			isa = PBXGroup;
			children = (
				DABCA693245090A300682368 /* ExecutorOrdersCoordinator.swift */,
				DAB96357245C1CAC002BBC3F /* API Services */,
				DAB9632224583FC6002BBC3F /* View Controllers */,
			);
			path = OrdersTab;
			sourceTree = "<group>";
		};
		DABCA66E244F1C0000682368 /* FinancesTab */ = {
			isa = PBXGroup;
			children = (
				DA6716D024545A7E001791E3 /* FinancesCoordinator.swift */,
				DAB96386246AE07D002BBC3F /* FinancesApiServiceMain.swift */,
				DAB9632324583FFD002BBC3F /* View Controllers */,
			);
			path = FinancesTab;
			sourceTree = "<group>";
		};
		DABCA66F244F1C1700682368 /* SettingsTab */ = {
			isa = PBXGroup;
			children = (
				DAB962FB2455B873002BBC3F /* SettingsCoordinator.swift */,
				DAB9635E245C9AE9002BBC3F /* SettingsApiServiceMain.swift */,
				DAB9631D24583EF6002BBC3F /* View Controllers */,
			);
			path = SettingsTab;
			sourceTree = "<group>";
		};
		DABCA67C244F243A00682368 /* Model */ = {
			isa = PBXGroup;
			children = (
				DABCA67A244F243500682368 /* Order.swift */,
				DABCA68D245087FD00682368 /* OrderDetails.swift */,
				DABCA68B2450878600682368 /* OrderDetailUnit.swift */,
				DAACA0D6248289D900651E24 /* OrderScheme.swift */,
				DAACA0D824828ABC00651E24 /* OrderSchemeUnit.swift */,
				DA57E1E424914AE400248AD9 /* OrderPreform.swift */,
				DA6716C924541D2B001791E3 /* FinancesInfo.swift */,
				DAB963032455BD1D002BBC3F /* UserInfo.swift */,
				DAACA0BA247A6F1600651E24 /* CustomerUserInfo.swift */,
				DAB963052455BDB2002BBC3F /* SocialMedia.swift */,
				DAB963072455C244002BBC3F /* OrderSettings.swift */,
				DAB9631B24582A50002BBC3F /* PassInfo.swift */,
				DAACA0AC2479236A00651E24 /* Executor.swift */,
				DA57E1EB24979C8A00248AD9 /* Executor sorting.swift */,
				DAACA0AE247923B400651E24 /* ExecutorDetails.swift */,
				DAB96388246C65A6002BBC3F /* Print.swift */,
			);
			path = Model;
			sourceTree = "<group>";
		};
		DABCA67F244F38F500682368 /* OrdersList */ = {
			isa = PBXGroup;
			children = (
				DABCA672244F1C6600682368 /* OrdersViewController.swift */,
				DABCA678244F200400682368 /* OrderTableViewCell.swift */,
				DA8721B224AA236D00547425 /* AcceptWarningView.swift */,
			);
			path = OrdersList;
			sourceTree = "<group>";
		};
		DABCA680244F390D00682368 /* OrderDetails */ = {
			isa = PBXGroup;
			children = (
				DABCA67D244F38D300682368 /* OrderDetailsViewController.swift */,
				DABCA6842450267300682368 /* CostView.swift */,
				DA6716B62452C088001791E3 /* OrderDetailsTableView */,
				DA6716B02450C795001791E3 /* OrderStatusView.swift */,
				DAB9636E24632720002BBC3F /* OrderStatusImageView.swift */,
				DAB9636C246324E1002BBC3F /* OrderStatusButtonsView.swift */,
				DAB9636A2463061B002BBC3F /* p_VideoActionsDelegate.swift */,
			);
			path = OrderDetails;
			sourceTree = "<group>";
		};
		DABCA681244F391E00682368 /* Camera */ = {
			isa = PBXGroup;
			children = (
				DA6716C124532F63001791E3 /* CameraViewController.swift */,
				DAB9637024632DF4002BBC3F /* VideoPickerViewController.swift */,
				DAB9637A2466EB83002BBC3F /* VideoService.swift */,
			);
			path = Camera;
			sourceTree = "<group>";
		};
		DABCA6862450278100682368 /* Base classes */ = {
			isa = PBXGroup;
			children = (
				DAB96382246975B0002BBC3F /* Coordinator.swift */,
				DAACA0A8247904E700651E24 /* AppTabBarController.swift */,
				DA941DEA246FC3FA006485B3 /* AppNavController.swift */,
				DABCA6872450279E00682368 /* AppButton.swift */,
				DA941DEC247000D1006485B3 /* UserButton.swift */,
				DAB9632824584246002BBC3F /* AppSwitch.swift */,
				DAB9632A24584CBD002BBC3F /* AppTextField.swift */,
				DAB963802468891A002BBC3F /* NoPasteTextField.swift */,
				DAACA0B224793E1F00651E24 /* AppSearchBar.swift */,
				DA6716D92454C812001791E3 /* SimpleInfoViewController.swift */,
			);
			path = "Base classes";
			sourceTree = "<group>";
		};
		DABCA69D2450991D00682368 /* States */ = {
			isa = PBXGroup;
			children = (
				DABCA69E2450994200682368 /* LoadingViewController.swift */,
				DABCA6A624509C3B00682368 /* ErrorViewController.swift */,
				DAB963362459BECA002BBC3F /* PopupErrorViewController.swift */,
			);
			path = States;
			sourceTree = "<group>";
		};
/* End PBXGroup section */

/* Begin PBXNativeTarget section */
		DABCA630244DD78200682368 /* ExecutorApp */ = {
			isa = PBXNativeTarget;
			buildConfigurationList = DABCA645244DD78500682368 /* Build configuration list for PBXNativeTarget "ExecutorApp" */;
			buildPhases = (
				AE8335D899A9900637EBF0BB /* [CP] Check Pods Manifest.lock */,
				DABCA62D244DD78200682368 /* Sources */,
				DABCA62E244DD78200682368 /* Frameworks */,
				DABCA62F244DD78200682368 /* Resources */,
				794EB2A599A9C7383A050883 /* [CP] Embed Pods Frameworks */,
				48FC9346B608A3C63C97E4F1 /* [CP] Copy Pods Resources */,
			);
			buildRules = (
			);
			dependencies = (
			);
			name = ExecutorApp;
			productName = ExecutorApp;
			productReference = DABCA631244DD78200682368 /* ExecutorApp.app */;
			productType = "com.apple.product-type.application";
		};
/* End PBXNativeTarget section */

/* Begin PBXProject section */
		DABCA629244DD78200682368 /* Project object */ = {
			isa = PBXProject;
			attributes = {
				LastSwiftUpdateCheck = 1110;
				LastUpgradeCheck = 1110;
				ORGANIZATIONNAME = dariaS;
				TargetAttributes = {
					DABCA630244DD78200682368 = {
						CreatedOnToolsVersion = 11.1;
					};
				};
			};
			buildConfigurationList = DABCA62C244DD78200682368 /* Build configuration list for PBXProject "ExecutorApp" */;
			compatibilityVersion = "Xcode 9.3";
			developmentRegion = en;
			hasScannedForEncodings = 0;
			knownRegions = (
				en,
				Base,
				ru,
			);
			mainGroup = DABCA628244DD78200682368;
			productRefGroup = DABCA632244DD78200682368 /* Products */;
			projectDirPath = "";
			projectRoot = "";
			targets = (
				DABCA630244DD78200682368 /* ExecutorApp */,
			);
		};
/* End PBXProject section */

/* Begin PBXResourcesBuildPhase section */
		DABCA62F244DD78200682368 /* Resources */ = {
			isa = PBXResourcesBuildPhase;
			buildActionMask = 2147483647;
			files = (
				DABCA641244DD78500682368 /* LaunchScreen.storyboard in Resources */,
				DABCA655244DFC8E00682368 /* Localizable.strings in Resources */,
				DABCA63E244DD78500682368 /* Assets.xcassets in Resources */,
			);
			runOnlyForDeploymentPostprocessing = 0;
		};
/* End PBXResourcesBuildPhase section */

/* Begin PBXShellScriptBuildPhase section */
		48FC9346B608A3C63C97E4F1 /* [CP] Copy Pods Resources */ = {
			isa = PBXShellScriptBuildPhase;
			buildActionMask = 2147483647;
			files = (
			);
			inputFileListPaths = (
				"${PODS_ROOT}/Target Support Files/Pods-ExecutorApp/Pods-ExecutorApp-resources-${CONFIGURATION}-input-files.xcfilelist",
			);
			name = "[CP] Copy Pods Resources";
			outputFileListPaths = (
				"${PODS_ROOT}/Target Support Files/Pods-ExecutorApp/Pods-ExecutorApp-resources-${CONFIGURATION}-output-files.xcfilelist",
			);
			runOnlyForDeploymentPostprocessing = 0;
			shellPath = /bin/sh;
			shellScript = "\"${PODS_ROOT}/Target Support Files/Pods-ExecutorApp/Pods-ExecutorApp-resources.sh\"\n";
			showEnvVarsInLog = 0;
		};
		794EB2A599A9C7383A050883 /* [CP] Embed Pods Frameworks */ = {
			isa = PBXShellScriptBuildPhase;
			buildActionMask = 2147483647;
			files = (
			);
			inputFileListPaths = (
				"${PODS_ROOT}/Target Support Files/Pods-ExecutorApp/Pods-ExecutorApp-frameworks-${CONFIGURATION}-input-files.xcfilelist",
			);
			name = "[CP] Embed Pods Frameworks";
			outputFileListPaths = (
				"${PODS_ROOT}/Target Support Files/Pods-ExecutorApp/Pods-ExecutorApp-frameworks-${CONFIGURATION}-output-files.xcfilelist",
			);
			runOnlyForDeploymentPostprocessing = 0;
			shellPath = /bin/sh;
			shellScript = "\"${PODS_ROOT}/Target Support Files/Pods-ExecutorApp/Pods-ExecutorApp-frameworks.sh\"\n";
			showEnvVarsInLog = 0;
		};
		AE8335D899A9900637EBF0BB /* [CP] Check Pods Manifest.lock */ = {
			isa = PBXShellScriptBuildPhase;
			buildActionMask = 2147483647;
			files = (
			);
			inputFileListPaths = (
			);
			inputPaths = (
				"${PODS_PODFILE_DIR_PATH}/Podfile.lock",
				"${PODS_ROOT}/Manifest.lock",
			);
			name = "[CP] Check Pods Manifest.lock";
			outputFileListPaths = (
			);
			outputPaths = (
				"$(DERIVED_FILE_DIR)/Pods-ExecutorApp-checkManifestLockResult.txt",
			);
			runOnlyForDeploymentPostprocessing = 0;
			shellPath = /bin/sh;
			shellScript = "diff \"${PODS_PODFILE_DIR_PATH}/Podfile.lock\" \"${PODS_ROOT}/Manifest.lock\" > /dev/null\nif [ $? != 0 ] ; then\n    # print error to STDERR\n    echo \"error: The sandbox is not in sync with the Podfile.lock. Run 'pod install' or update your CocoaPods installation.\" >&2\n    exit 1\nfi\n# This output is used by Xcode 'outputs' to avoid re-running this script phase.\necho \"SUCCESS\" > \"${SCRIPT_OUTPUT_FILE_0}\"\n";
			showEnvVarsInLog = 0;
		};
/* End PBXShellScriptBuildPhase section */

/* Begin PBXSourcesBuildPhase section */
		DABCA62D244DD78200682368 /* Sources */ = {
			isa = PBXSourcesBuildPhase;
			buildActionMask = 2147483647;
			files = (
				DABCA651244DF2FA00682368 /* e_UIColor.swift in Sources */,
				DAB963372459BECA002BBC3F /* PopupErrorViewController.swift in Sources */,
				DAACA07E247813B300651E24 /* ForgotPassCoordinator.swift in Sources */,
				DAB96383246975B0002BBC3F /* Coordinator.swift in Sources */,
				DA6716BE245322E2001791E3 /* e_UIButton.swift in Sources */,
				DAACA06E2476600D00651E24 /* RegistrationViewController.swift in Sources */,
				DAB96387246AE07D002BBC3F /* FinancesApiServiceMain.swift in Sources */,
				DAACA0B12479266E00651E24 /* ExecutorTableViewCell.swift in Sources */,
				DAACA0C1247C253700651E24 /* CustomerOrdersApiService.swift in Sources */,
				DABCA68C2450878600682368 /* OrderDetailUnit.swift in Sources */,
				DA6716CC24541E75001791E3 /* ReadyToTransferTableView.swift in Sources */,
				DAACA06A247421CF00651E24 /* StartCoordinator.swift in Sources */,
				DA02F8902487DDBB0087E274 /* ExecutorsSortingView.swift in Sources */,
				DAACA07024769E8100651E24 /* ForgotPassEmailViewController.swift in Sources */,
				DAACA0D7248289D900651E24 /* OrderScheme.swift in Sources */,
				DAB9637B2466EB83002BBC3F /* VideoService.swift in Sources */,
				DABCA66B244F0B3900682368 /* p_KeyboardHandler.swift in Sources */,
				DA6716CF245457CA001791E3 /* UnexecutedOrdersSumView.swift in Sources */,
				DAACA0BB247A6F1600651E24 /* CustomerUserInfo.swift in Sources */,
				DAB9631824570E73002BBC3F /* SizeConstants.swift in Sources */,
				DAB9632924584246002BBC3F /* AppSwitch.swift in Sources */,
				DAACA09D2478476200651E24 /* CustomerSettingsCoordinator.swift in Sources */,
				DABCA683244F396600682368 /* OrderDetailsUnitView.swift in Sources */,
				DABCA65E244E09E400682368 /* e_UITextField.swift in Sources */,
				DAACA08D247841AF00651E24 /* RegistrationApiService.swift in Sources */,
				DAB96344245B3825002BBC3F /* AppURL.swift in Sources */,
				DAACA0972478460700651E24 /* ExecutorsTabCoordinator.swift in Sources */,
				DAACA0722476A25700651E24 /* ResetPassViewController.swift in Sources */,
				DAACA0C3247C25EF00651E24 /* CustomerOrderDetailsViewController.swift in Sources */,
				DAB9636B2463061B002BBC3F /* p_VideoActionsDelegate.swift in Sources */,
				DABCA6882450279E00682368 /* AppButton.swift in Sources */,
				DAACA0CD24816BA100651E24 /* SocialsCollectionView.swift in Sources */,
				DABCA67B244F243500682368 /* Order.swift in Sources */,
				DA6716BC24531A31001791E3 /* Strings.swift in Sources */,
				DAACA0A9247904E700651E24 /* AppTabBarController.swift in Sources */,
				DAACA0CF2482718400651E24 /* SocialMediaCollectionViewCell.swift in Sources */,
				DA6716D82454783A001791E3 /* SelfSizingTableView.swift in Sources */,
				DAACA095247845CD00651E24 /* CustomerTabBarController.swift in Sources */,
				DA57E1EC24979C8A00248AD9 /* Executor sorting.swift in Sources */,
				DABCA64C244DD9C000682368 /* e_UIView.swift in Sources */,
				DAACA0B5247A56A400651E24 /* CustomerSettingsViewController.swift in Sources */,
				DAACA0D3248283F800651E24 /* OrderFormView.swift in Sources */,
				DABCA64F244DF17000682368 /* Colors.swift in Sources */,
				DA941DEB246FC3FA006485B3 /* AppNavController.swift in Sources */,
				DAB963852469C00F002BBC3F /* e_FileManager.swift in Sources */,
				DAACA0AF247923B400651E24 /* ExecutorDetails.swift in Sources */,
				DAB963062455BDB2002BBC3F /* SocialMedia.swift in Sources */,
				DAACA0D52482843300651E24 /* OrderFormTableViewCell.swift in Sources */,
				DABCA649244DD84A00682368 /* LoginViewController.swift in Sources */,
				DA57E1E524914AE400248AD9 /* OrderPreform.swift in Sources */,
				DAACA08424781AA300651E24 /* p_FormDelegate.swift in Sources */,
				DAB9630E2455CAA1002BBC3F /* SocialMediaTableView.swift in Sources */,
				DA02F89C248927DB0087E274 /* PayViewController.swift in Sources */,
				DA6716D124545A7E001791E3 /* FinancesCoordinator.swift in Sources */,
				DABCA679244F200400682368 /* OrderTableViewCell.swift in Sources */,
				DABCA67E244F38D300682368 /* OrderDetailsViewController.swift in Sources */,
				DAACA0B9247A61D800651E24 /* CustomerImageButton.swift in Sources */,
				DAACA0AB2479078E00651E24 /* ExecutorDetailsViewController.swift in Sources */,
				DAB963692462DF45002BBC3F /* LoginCoordinator.swift in Sources */,
				DA6716DA2454C812001791E3 /* SimpleInfoViewController.swift in Sources */,
				DAB9632F24589E1D002BBC3F /* HashtagsView.swift in Sources */,
				DAB9637124632DF5002BBC3F /* VideoPickerViewController.swift in Sources */,
				DAB96361245EB9DE002BBC3F /* e_Converting.swift in Sources */,
				DAACA0BD247BF10E00651E24 /* e_UIImageView.swift in Sources */,
				DAB96348245B5852002BBC3F /* StartViewController.swift in Sources */,
				DABCA65A244DFCA800682368 /* e_String.swift in Sources */,
				DABCA662244EF5EF00682368 /* Defaults.swift in Sources */,
				DAACA0A72478491F00651E24 /* ExecutorsListViewController.swift in Sources */,
				DAACA07C2477FE8800651E24 /* FormTextField.swift in Sources */,
				DAB963352459B06C002BBC3F /* e_UIAlertController.swift in Sources */,
				DABCA6A724509C3B00682368 /* ErrorViewController.swift in Sources */,
				DA6716C624541868001791E3 /* SumView.swift in Sources */,
				DA6716B52452B4D4001791E3 /* OrderDetailTableViewCell.swift in Sources */,
				DAB9637D2468244F002BBC3F /* e_Data.swift in Sources */,
				DAB963122456D18E002BBC3F /* PhotoPickerViewController.swift in Sources */,
				DABCA6852450267300682368 /* CostView.swift in Sources */,
				DA6716C224532F63001791E3 /* CameraViewController.swift in Sources */,
				DAB9635B245C1D93002BBC3F /* ExecutorOrderDetailsApiService.swift in Sources */,
				DA6716B12450C796001791E3 /* OrderStatusView.swift in Sources */,
				DAACA08B24783A2E00651E24 /* ForgotPassApiService.swift in Sources */,
				DAB9632B24584CBD002BBC3F /* AppTextField.swift in Sources */,
				DAB963732465AFAF002BBC3F /* p_SettingsDelegate.swift in Sources */,
				DA57E1E8249656A100248AD9 /* EmailChangeService.swift in Sources */,
				DA8721B324AA236D00547425 /* AcceptWarningView.swift in Sources */,
				DABCA673244F1C6600682368 /* OrdersViewController.swift in Sources */,
				DAACA0C7247D48B300651E24 /* PriceStatusView.swift in Sources */,
				DAB9632D24585B98002BBC3F /* OrderSettingsTableView.swift in Sources */,
				DA8721B124AA227D00547425 /* e_UILabel.swift in Sources */,
				DAACA07A2477FD2C00651E24 /* InputFormView.swift in Sources */,
				DAB963102455CB40002BBC3F /* SocialMediaTableViewCell.swift in Sources */,
				DA941DED247000D1006485B3 /* UserButton.swift in Sources */,
				DAACA0B324793E1F00651E24 /* AppSearchBar.swift in Sources */,
				DA6716CA24541D2B001791E3 /* FinancesInfo.swift in Sources */,
				DAACA0A5247847D400651E24 /* ExecutorsApiService.swift in Sources */,
				DAACA080247813C100651E24 /* RegistrationCoordinator.swift in Sources */,
				DAB963752465B977002BBC3F /* e_URLSession.swift in Sources */,
				DAACA0BF247C243600651E24 /* CustomerOrdersViewController.swift in Sources */,
				DAB96389246C65A7002BBC3F /* Print.swift in Sources */,
				DAACA0DB2485276E00651E24 /* OrderOptionTableViewCell.swift in Sources */,
				DAB963812468891A002BBC3F /* NoPasteTextField.swift in Sources */,
				DABCA671244F1C4900682368 /* ExecutorTabBarController.swift in Sources */,
				DABCA6A1245099B800682368 /* e_UIViewController.swift in Sources */,
				DAACA0C5247D3B5C00651E24 /* VideoThumbnailView.swift in Sources */,
				DABCA677244F1C8000682368 /* SettingsViewController.swift in Sources */,
				DAACA0AD2479236A00651E24 /* Executor.swift in Sources */,
				DAACA0D924828ABC00651E24 /* OrderSchemeUnit.swift in Sources */,
				DAB9636D246324E2002BBC3F /* OrderStatusButtonsView.swift in Sources */,
				DABCA635244DD78200682368 /* AppDelegate.swift in Sources */,
				DAB9630A2455C9E3002BBC3F /* ProfileSettingsView.swift in Sources */,
				DAB9631424570843002BBC3F /* ChangePasswordViewController.swift in Sources */,
				DAB9631A245715DC002BBC3F /* LabelTextFieldView.swift in Sources */,
				DABCA68E245087FD00682368 /* OrderDetails.swift in Sources */,
				DAACA09B2478474000651E24 /* CustomerOrdersCoordinator.swift in Sources */,
				DAB962FC2455B873002BBC3F /* SettingsCoordinator.swift in Sources */,
				DAB963082455C244002BBC3F /* OrderSettings.swift in Sources */,
				DAB9636F24632721002BBC3F /* OrderStatusImageView.swift in Sources */,
				DAB96365245F047E002BBC3F /* ImageCropperViewController.swift in Sources */,
				DABCA675244F1C7500682368 /* FinancesViewController.swift in Sources */,
				DABCA69F2450994200682368 /* LoadingViewController.swift in Sources */,
				DABCA65C244DFE2500682368 /* LoginApiService.swift in Sources */,
				DAB963402459FE2D002BBC3F /* InfoService.swift in Sources */,
				DA02F8922487DE950087E274 /* SortingCollectionViewCell.swift in Sources */,
				DAACA0DD2485278100651E24 /* OrderOptionsViewController.swift in Sources */,
				DAACA0B7247A56B800651E24 /* CustomerSettingsApiService.swift in Sources */,
				DAB9631C24582A50002BBC3F /* PassInfo.swift in Sources */,
				DA6716C824541A8D001791E3 /* ReadyToTransferTableViewCell.swift in Sources */,
				DABCA694245090A300682368 /* ExecutorOrdersCoordinator.swift in Sources */,
				DAACA0782476DF2B00651E24 /* InputFormViewController.swift in Sources */,
				DAB9635F245C9AE9002BBC3F /* SettingsApiServiceMain.swift in Sources */,
				DA6716B32452B494001791E3 /* OrderDetailsTableView.swift in Sources */,
				DAB9632724584144002BBC3F /* OrderSettingsTableViewCell.swift in Sources */,
				DAACA0CB24813B4C00651E24 /* PermissionsService.swift in Sources */,
				DA6716C42454167D001791E3 /* ReadyToTransferView.swift in Sources */,
				DAB9635D245C9410002BBC3F /* e_UIImage.swift in Sources */,
				DAACA0D124827AFF00651E24 /* ExecutorDetailsView.swift in Sources */,
				DAB963042455BD1D002BBC3F /* UserInfo.swift in Sources */,
				DAB963772465C929002BBC3F /* e_URLRequest.swift in Sources */,
				DAB96359245C1D65002BBC3F /* ExecutorOrdersApiService.swift in Sources */,
			);
			runOnlyForDeploymentPostprocessing = 0;
		};
/* End PBXSourcesBuildPhase section */

/* Begin PBXVariantGroup section */
		DABCA63F244DD78500682368 /* LaunchScreen.storyboard */ = {
			isa = PBXVariantGroup;
			children = (
				DABCA640244DD78500682368 /* Base */,
				DABCA654244DFC6000682368 /* ru */,
			);
			name = LaunchScreen.storyboard;
			sourceTree = "<group>";
		};
		DABCA657244DFC8E00682368 /* Localizable.strings */ = {
			isa = PBXVariantGroup;
			children = (
				DABCA656244DFC8E00682368 /* en */,
				DABCA658244DFC9200682368 /* ru */,
			);
			name = Localizable.strings;
			sourceTree = "<group>";
		};
/* End PBXVariantGroup section */

/* Begin XCBuildConfiguration section */
		DABCA643244DD78500682368 /* Debug */ = {
			isa = XCBuildConfiguration;
			buildSettings = {
				ALWAYS_SEARCH_USER_PATHS = NO;
				CLANG_ANALYZER_LOCALIZABILITY_NONLOCALIZED = YES;
				CLANG_ANALYZER_NONNULL = YES;
				CLANG_ANALYZER_NUMBER_OBJECT_CONVERSION = YES_AGGRESSIVE;
				CLANG_CXX_LANGUAGE_STANDARD = "gnu++14";
				CLANG_CXX_LIBRARY = "libc++";
				CLANG_ENABLE_MODULES = YES;
				CLANG_ENABLE_OBJC_ARC = YES;
				CLANG_ENABLE_OBJC_WEAK = YES;
				CLANG_WARN_BLOCK_CAPTURE_AUTORELEASING = YES;
				CLANG_WARN_BOOL_CONVERSION = YES;
				CLANG_WARN_COMMA = YES;
				CLANG_WARN_CONSTANT_CONVERSION = YES;
				CLANG_WARN_DEPRECATED_OBJC_IMPLEMENTATIONS = YES;
				CLANG_WARN_DIRECT_OBJC_ISA_USAGE = YES_ERROR;
				CLANG_WARN_DOCUMENTATION_COMMENTS = YES;
				CLANG_WARN_EMPTY_BODY = YES;
				CLANG_WARN_ENUM_CONVERSION = YES;
				CLANG_WARN_INFINITE_RECURSION = YES;
				CLANG_WARN_INT_CONVERSION = YES;
				CLANG_WARN_NON_LITERAL_NULL_CONVERSION = YES;
				CLANG_WARN_OBJC_IMPLICIT_RETAIN_SELF = YES;
				CLANG_WARN_OBJC_LITERAL_CONVERSION = YES;
				CLANG_WARN_OBJC_ROOT_CLASS = YES_ERROR;
				CLANG_WARN_RANGE_LOOP_ANALYSIS = YES;
				CLANG_WARN_STRICT_PROTOTYPES = YES;
				CLANG_WARN_SUSPICIOUS_MOVE = YES;
				CLANG_WARN_UNGUARDED_AVAILABILITY = YES_AGGRESSIVE;
				CLANG_WARN_UNREACHABLE_CODE = YES;
				CLANG_WARN__DUPLICATE_METHOD_MATCH = YES;
				COPY_PHASE_STRIP = NO;
				DEBUG_INFORMATION_FORMAT = dwarf;
				ENABLE_STRICT_OBJC_MSGSEND = YES;
				ENABLE_TESTABILITY = YES;
				GCC_C_LANGUAGE_STANDARD = gnu11;
				GCC_DYNAMIC_NO_PIC = NO;
				GCC_NO_COMMON_BLOCKS = YES;
				GCC_OPTIMIZATION_LEVEL = 0;
				GCC_PREPROCESSOR_DEFINITIONS = (
					"DEBUG=1",
					"$(inherited)",
				);
				GCC_WARN_64_TO_32_BIT_CONVERSION = YES;
				GCC_WARN_ABOUT_RETURN_TYPE = YES_ERROR;
				GCC_WARN_UNDECLARED_SELECTOR = YES;
				GCC_WARN_UNINITIALIZED_AUTOS = YES_AGGRESSIVE;
				GCC_WARN_UNUSED_FUNCTION = YES;
				GCC_WARN_UNUSED_VARIABLE = YES;
				IPHONEOS_DEPLOYMENT_TARGET = 11.0;
				MTL_ENABLE_DEBUG_INFO = INCLUDE_SOURCE;
				MTL_FAST_MATH = YES;
				ONLY_ACTIVE_ARCH = YES;
				SDKROOT = iphoneos;
				SWIFT_ACTIVE_COMPILATION_CONDITIONS = DEBUG;
				SWIFT_OPTIMIZATION_LEVEL = "-Onone";
			};
			name = Debug;
		};
		DABCA644244DD78500682368 /* Release */ = {
			isa = XCBuildConfiguration;
			buildSettings = {
				ALWAYS_SEARCH_USER_PATHS = NO;
				CLANG_ANALYZER_LOCALIZABILITY_NONLOCALIZED = YES;
				CLANG_ANALYZER_NONNULL = YES;
				CLANG_ANALYZER_NUMBER_OBJECT_CONVERSION = YES_AGGRESSIVE;
				CLANG_CXX_LANGUAGE_STANDARD = "gnu++14";
				CLANG_CXX_LIBRARY = "libc++";
				CLANG_ENABLE_MODULES = YES;
				CLANG_ENABLE_OBJC_ARC = YES;
				CLANG_ENABLE_OBJC_WEAK = YES;
				CLANG_WARN_BLOCK_CAPTURE_AUTORELEASING = YES;
				CLANG_WARN_BOOL_CONVERSION = YES;
				CLANG_WARN_COMMA = YES;
				CLANG_WARN_CONSTANT_CONVERSION = YES;
				CLANG_WARN_DEPRECATED_OBJC_IMPLEMENTATIONS = YES;
				CLANG_WARN_DIRECT_OBJC_ISA_USAGE = YES_ERROR;
				CLANG_WARN_DOCUMENTATION_COMMENTS = YES;
				CLANG_WARN_EMPTY_BODY = YES;
				CLANG_WARN_ENUM_CONVERSION = YES;
				CLANG_WARN_INFINITE_RECURSION = YES;
				CLANG_WARN_INT_CONVERSION = YES;
				CLANG_WARN_NON_LITERAL_NULL_CONVERSION = YES;
				CLANG_WARN_OBJC_IMPLICIT_RETAIN_SELF = YES;
				CLANG_WARN_OBJC_LITERAL_CONVERSION = YES;
				CLANG_WARN_OBJC_ROOT_CLASS = YES_ERROR;
				CLANG_WARN_RANGE_LOOP_ANALYSIS = YES;
				CLANG_WARN_STRICT_PROTOTYPES = YES;
				CLANG_WARN_SUSPICIOUS_MOVE = YES;
				CLANG_WARN_UNGUARDED_AVAILABILITY = YES_AGGRESSIVE;
				CLANG_WARN_UNREACHABLE_CODE = YES;
				CLANG_WARN__DUPLICATE_METHOD_MATCH = YES;
				COPY_PHASE_STRIP = NO;
				DEBUG_INFORMATION_FORMAT = "dwarf-with-dsym";
				ENABLE_NS_ASSERTIONS = NO;
				ENABLE_STRICT_OBJC_MSGSEND = YES;
				GCC_C_LANGUAGE_STANDARD = gnu11;
				GCC_NO_COMMON_BLOCKS = YES;
				GCC_WARN_64_TO_32_BIT_CONVERSION = YES;
				GCC_WARN_ABOUT_RETURN_TYPE = YES_ERROR;
				GCC_WARN_UNDECLARED_SELECTOR = YES;
				GCC_WARN_UNINITIALIZED_AUTOS = YES_AGGRESSIVE;
				GCC_WARN_UNUSED_FUNCTION = YES;
				GCC_WARN_UNUSED_VARIABLE = YES;
				IPHONEOS_DEPLOYMENT_TARGET = 11.0;
				MTL_ENABLE_DEBUG_INFO = NO;
				MTL_FAST_MATH = YES;
				SDKROOT = iphoneos;
				SWIFT_COMPILATION_MODE = wholemodule;
				SWIFT_OPTIMIZATION_LEVEL = "-O";
				VALIDATE_PRODUCT = YES;
			};
			name = Release;
		};
		DABCA646244DD78500682368 /* Debug */ = {
			isa = XCBuildConfiguration;
			baseConfigurationReference = 11F898A3F8C6BA67855DF20E /* Pods-ExecutorApp.debug.xcconfig */;
			buildSettings = {
				ASSETCATALOG_COMPILER_APPICON_NAME = AppIcon;
				CODE_SIGN_STYLE = Automatic;
				CURRENT_PROJECT_VERSION = 5;
				DEVELOPMENT_TEAM = 9B6XMQ42ZT;
				INFOPLIST_FILE = ExecutorApp/Info.plist;
				IPHONEOS_DEPLOYMENT_TARGET = 11.0;
				LD_RUNPATH_SEARCH_PATHS = (
					"$(inherited)",
					"@executable_path/Frameworks",
				);
				MARKETING_VERSION = 1.1.0;
				PRODUCT_BUNDLE_IDENTIFIER = dariaS.ExecutorApp;
				PRODUCT_NAME = "$(TARGET_NAME)";
				SWIFT_VERSION = 5.0;
				TARGETED_DEVICE_FAMILY = 1;
			};
			name = Debug;
		};
		DABCA647244DD78500682368 /* Release */ = {
			isa = XCBuildConfiguration;
			baseConfigurationReference = 2D92F9CA652923BEBC0E25AC /* Pods-ExecutorApp.release.xcconfig */;
			buildSettings = {
				ASSETCATALOG_COMPILER_APPICON_NAME = AppIcon;
				CODE_SIGN_STYLE = Automatic;
				CURRENT_PROJECT_VERSION = 5;
				DEVELOPMENT_TEAM = 9B6XMQ42ZT;
				INFOPLIST_FILE = ExecutorApp/Info.plist;
				IPHONEOS_DEPLOYMENT_TARGET = 11.0;
				LD_RUNPATH_SEARCH_PATHS = (
					"$(inherited)",
					"@executable_path/Frameworks",
				);
				MARKETING_VERSION = 1.1.0;
				PRODUCT_BUNDLE_IDENTIFIER = dariaS.ExecutorApp;
				PRODUCT_NAME = "$(TARGET_NAME)";
				SWIFT_VERSION = 5.0;
				TARGETED_DEVICE_FAMILY = 1;
			};
			name = Release;
		};
/* End XCBuildConfiguration section */

/* Begin XCConfigurationList section */
		DABCA62C244DD78200682368 /* Build configuration list for PBXProject "ExecutorApp" */ = {
			isa = XCConfigurationList;
			buildConfigurations = (
				DABCA643244DD78500682368 /* Debug */,
				DABCA644244DD78500682368 /* Release */,
			);
			defaultConfigurationIsVisible = 0;
			defaultConfigurationName = Release;
		};
		DABCA645244DD78500682368 /* Build configuration list for PBXNativeTarget "ExecutorApp" */ = {
			isa = XCConfigurationList;
			buildConfigurations = (
				DABCA646244DD78500682368 /* Debug */,
				DABCA647244DD78500682368 /* Release */,
			);
			defaultConfigurationIsVisible = 0;
			defaultConfigurationName = Release;
		};
/* End XCConfigurationList section */
	};
	rootObject = DABCA629244DD78200682368 /* Project object */;
}
